// !$*UTF8*$!
{
	archiveVersion = 1;
	classes = {
	};
	objectVersion = 48;
	objects = {

/* Begin PBXBuildFile section */
		A70D5E9C454A5D03139BA118 /* Pods_WeiBo.framework in Frameworks */ = {isa = PBXBuildFile; fileRef = EA24B825A2206FC1EAE2A904 /* Pods_WeiBo.framework */; };
		CBB327D62060E6910029029E /* Assets.xcassets in Resources */ = {isa = PBXBuildFile; fileRef = CBB327D52060E6910029029E /* Assets.xcassets */; };
		CBB327D92060E6910029029E /* LaunchScreen.storyboard in Resources */ = {isa = PBXBuildFile; fileRef = CBB327D72060E6910029029E /* LaunchScreen.storyboard */; };
		CBB327E82060E6C40029029E /* KLHomeViewController.swift in Sources */ = {isa = PBXBuildFile; fileRef = CBB327E22060E6C40029029E /* KLHomeViewController.swift */; };
		CBB327E92060E6C40029029E /* KLNetworkEngine.swift in Sources */ = {isa = PBXBuildFile; fileRef = CBB327E72060E6C40029029E /* KLNetworkEngine.swift */; };
		CBB327F02060E75C0029029E /* AppDelegate.swift in Sources */ = {isa = PBXBuildFile; fileRef = CBB327EB2060E75C0029029E /* AppDelegate.swift */; };
		CBB327F12060E75C0029029E /* KLBaseViewController.swift in Sources */ = {isa = PBXBuildFile; fileRef = CBB327EC2060E75C0029029E /* KLBaseViewController.swift */; };
		CBB327F22060E75C0029029E /* KLCommon.swift in Sources */ = {isa = PBXBuildFile; fileRef = CBB327ED2060E75C0029029E /* KLCommon.swift */; };
		CBB327F32060E75C0029029E /* KLNavigationController.swift in Sources */ = {isa = PBXBuildFile; fileRef = CBB327EE2060E75C0029029E /* KLNavigationController.swift */; };
		CBB327F42060E75C0029029E /* KLTabBarController.swift in Sources */ = {isa = PBXBuildFile; fileRef = CBB327EF2060E75C0029029E /* KLTabBarController.swift */; };
		CBB327F62060F2DE0029029E /* KLStatusesModel.swift in Sources */ = {isa = PBXBuildFile; fileRef = CBB327F52060F2DE0029029E /* KLStatusesModel.swift */; };
		CBB327FA206208610029029E /* KL_String+Range.swift in Sources */ = {isa = PBXBuildFile; fileRef = CBB327F9206208610029029E /* KL_String+Range.swift */; };
		CBB327FC20623AE90029029E /* KLHomeTableView.swift in Sources */ = {isa = PBXBuildFile; fileRef = CBB327FB20623AE80029029E /* KLHomeTableView.swift */; };
		CBB327FE20623B470029029E /* KLHomeTableViewCell.swift in Sources */ = {isa = PBXBuildFile; fileRef = CBB327FD20623B470029029E /* KLHomeTableViewCell.swift */; };
		CBB32800206253720029029E /* KLAvatarView.swift in Sources */ = {isa = PBXBuildFile; fileRef = CBB327FF206253720029029E /* KLAvatarView.swift */; };
		CBB3280220626D7C0029029E /* KLSimpleTextView.swift in Sources */ = {isa = PBXBuildFile; fileRef = CBB3280120626D7C0029029E /* KLSimpleTextView.swift */; };
		CBB3280420627CA60029029E /* KLCTFrameManager.swift in Sources */ = {isa = PBXBuildFile; fileRef = CBB3280320627CA50029029E /* KLCTFrameManager.swift */; };
		CBB328062062A9E30029029E /* KL_Date+.swift in Sources */ = {isa = PBXBuildFile; fileRef = CBB328052062A9E30029029E /* KL_Date+.swift */; };
		CBB3280820635F710029029E /* KLUIView+.swift in Sources */ = {isa = PBXBuildFile; fileRef = CBB3280720635F710029029E /* KLUIView+.swift */; };
		CBB3280E2063AA640029029E /* RegularExpressionTool.swift in Sources */ = {isa = PBXBuildFile; fileRef = CBB3280D2063AA630029029E /* RegularExpressionTool.swift */; };
		CBB328102063D79C0029029E /* KLUserModel.swift in Sources */ = {isa = PBXBuildFile; fileRef = CBB3280F2063D79C0029029E /* KLUserModel.swift */; };
		CBB328122063D7AC0029029E /* KLCTFrameModel.swift in Sources */ = {isa = PBXBuildFile; fileRef = CBB328112063D7AC0029029E /* KLCTFrameModel.swift */; };
		CBB328142063D7F70029029E /* KLPartModel.swift in Sources */ = {isa = PBXBuildFile; fileRef = CBB328132063D7F70029029E /* KLPartModel.swift */; };
		CBB328492063FFA70029029E /* KLContentTextView.swift in Sources */ = {isa = PBXBuildFile; fileRef = CBB328482063FFA70029029E /* KLContentTextView.swift */; };
		CBB328C42064B2C80029029E /* h_lai@3x.png in Resources */ = {isa = PBXBuildFile; fileRef = CBB3284B2064B2B40029029E /* h_lai@3x.png */; };
		CBB328C52064B2C80029029E /* d_ku@3x.png in Resources */ = {isa = PBXBuildFile; fileRef = CBB3284C2064B2B40029029E /* d_ku@3x.png */; };
		CBB328C62064B2C80029029E /* d_xixi@3x.png in Resources */ = {isa = PBXBuildFile; fileRef = CBB3284D2064B2B40029029E /* d_xixi@3x.png */; };
		CBB328C72064B2C80029029E /* d_jiyan@3x.png in Resources */ = {isa = PBXBuildFile; fileRef = CBB3284E2064B2B40029029E /* d_jiyan@3x.png */; };
		CBB328C82064B2C80029029E /* o_weiguan@3x.png in Resources */ = {isa = PBXBuildFile; fileRef = CBB3284F2064B2B40029029E /* o_weiguan@3x.png */; };
		CBB328C92064B2C80029029E /* d_bizui@3x.png in Resources */ = {isa = PBXBuildFile; fileRef = CBB328502064B2B50029029E /* d_bizui@3x.png */; };
		CBB328CA2064B2C80029029E /* d_yinxian@3x.png in Resources */ = {isa = PBXBuildFile; fileRef = CBB328512064B2B50029029E /* d_yinxian@3x.png */; };
		CBB328CB2064B2C80029029E /* h_good@3x.png in Resources */ = {isa = PBXBuildFile; fileRef = CBB328522064B2B50029029E /* h_good@3x.png */; };
		CBB328CC2064B2C80029029E /* d_baobao@3x.png in Resources */ = {isa = PBXBuildFile; fileRef = CBB328532064B2B50029029E /* d_baobao@3x.png */; };
		CBB328CD2064B2C80029029E /* d_beishang@3x.png in Resources */ = {isa = PBXBuildFile; fileRef = CBB328542064B2B50029029E /* d_beishang@3x.png */; };
		CBB328CE2064B2C80029029E /* d_xiongmao@3x.png in Resources */ = {isa = PBXBuildFile; fileRef = CBB328552064B2B50029029E /* d_xiongmao@3x.png */; };
		CBB328CF2064B2C80029029E /* d_shuijiao@3x.png in Resources */ = {isa = PBXBuildFile; fileRef = CBB328562064B2B50029029E /* d_shuijiao@3x.png */; };
		CBB328D02064B2C80029029E /* d_nanhaier@3x.png in Resources */ = {isa = PBXBuildFile; fileRef = CBB328572064B2B50029029E /* d_nanhaier@3x.png */; };
		CBB328D12064B2C80029029E /* h_haha@3x.png in Resources */ = {isa = PBXBuildFile; fileRef = CBB328582064B2B50029029E /* h_haha@3x.png */; };
		CBB328D22064B2C80029029E /* o_liwu@3x.png in Resources */ = {isa = PBXBuildFile; fileRef = CBB328592064B2B60029029E /* o_liwu@3x.png */; };
		CBB328D32064B2C80029029E /* w_shachenbao@3x.png in Resources */ = {isa = PBXBuildFile; fileRef = CBB3285A2064B2B60029029E /* w_shachenbao@3x.png */; };
		CBB328D42064B2C80029029E /* d_zuiyou@3x.png in Resources */ = {isa = PBXBuildFile; fileRef = CBB3285B2064B2B60029029E /* d_zuiyou@3x.png */; };
		CBB328D52064B2C80029029E /* d_zhuakuang@3x.png in Resources */ = {isa = PBXBuildFile; fileRef = CBB3285C2064B2B60029029E /* d_zhuakuang@3x.png */; };
		CBB328D62064B2C80029029E /* o_lazhu@3x.png in Resources */ = {isa = PBXBuildFile; fileRef = CBB3285D2064B2B60029029E /* o_lazhu@3x.png */; };
		CBB328D72064B2C80029029E /* h_zan@3x.png in Resources */ = {isa = PBXBuildFile; fileRef = CBB3285E2064B2B70029029E /* h_zan@3x.png */; };
		CBB328D82064B2C80029029E /* d_zhajipijiu@2x.png in Resources */ = {isa = PBXBuildFile; fileRef = CBB3285F2064B2B70029029E /* d_zhajipijiu@2x.png */; };
		CBB328D92064B2C80029029E /* d_wu@3x.png in Resources */ = {isa = PBXBuildFile; fileRef = CBB328602064B2B70029029E /* d_wu@3x.png */; };
		CBB328DA2064B2C80029029E /* h_ok@3x.png in Resources */ = {isa = PBXBuildFile; fileRef = CBB328612064B2B70029029E /* h_ok@3x.png */; };
		CBB328DB2064B2C80029029E /* w_taiyang@3x.png in Resources */ = {isa = PBXBuildFile; fileRef = CBB328622064B2B70029029E /* w_taiyang@3x.png */; };
		CBB328DC2064B2C80029029E /* w_yueliang@3x.png in Resources */ = {isa = PBXBuildFile; fileRef = CBB328632064B2B70029029E /* w_yueliang@3x.png */; };
		CBB328DD2064B2C80029029E /* d_ding@3x.png in Resources */ = {isa = PBXBuildFile; fileRef = CBB328642064B2B70029029E /* d_ding@3x.png */; };
		CBB328DE2064B2C80029029E /* h_jiayou@3x.png in Resources */ = {isa = PBXBuildFile; fileRef = CBB328652064B2B80029029E /* h_jiayou@3x.png */; };
		CBB328DF2064B2C80029029E /* d_feijie@3x.png in Resources */ = {isa = PBXBuildFile; fileRef = CBB328662064B2B80029029E /* d_feijie@3x.png */; };
		CBB328E02064B2C80029029E /* d_aoteman@3x.png in Resources */ = {isa = PBXBuildFile; fileRef = CBB328672064B2B80029029E /* d_aoteman@3x.png */; };
		CBB328E12064B2C80029029E /* d_tanshou@3x.png in Resources */ = {isa = PBXBuildFile; fileRef = CBB328682064B2B80029029E /* d_tanshou@3x.png */; };
		CBB328E22064B2C80029029E /* d_huaixiao@3x.png in Resources */ = {isa = PBXBuildFile; fileRef = CBB328692064B2B80029029E /* d_huaixiao@3x.png */; };
		CBB328E32064B2C80029029E /* f_jiong@3x.png in Resources */ = {isa = PBXBuildFile; fileRef = CBB3286A2064B2B80029029E /* f_jiong@3x.png */; };
		CBB328E42064B2C80029029E /* f_geili@3x.png in Resources */ = {isa = PBXBuildFile; fileRef = CBB3286B2064B2B90029029E /* f_geili@3x.png */; };
		CBB328E52064B2C80029029E /* f_v5@3x.png in Resources */ = {isa = PBXBuildFile; fileRef = CBB3286C2064B2B90029029E /* f_v5@3x.png */; };
		CBB328E62064B2C80029029E /* d_baibai@3x.png in Resources */ = {isa = PBXBuildFile; fileRef = CBB3286D2064B2B90029029E /* d_baibai@3x.png */; };
		CBB328E72064B2C80029029E /* o_ganbei@3x.png in Resources */ = {isa = PBXBuildFile; fileRef = CBB3286E2064B2B90029029E /* o_ganbei@3x.png */; };
		CBB328E82064B2C80029029E /* o_zhaoxiangji@3x.png in Resources */ = {isa = PBXBuildFile; fileRef = CBB3286F2064B2BA0029029E /* o_zhaoxiangji@3x.png */; };
		CBB328E92064B2C80029029E /* d_xingxingyan@3x.png in Resources */ = {isa = PBXBuildFile; fileRef = CBB328702064B2BA0029029E /* d_xingxingyan@3x.png */; };
		CBB328EA2064B2C80029029E /* d_shiwang@3x.png in Resources */ = {isa = PBXBuildFile; fileRef = CBB328712064B2BA0029029E /* d_shiwang@3x.png */; };
		CBB328EB2064B2C80029029E /* o_weibo@3x.png in Resources */ = {isa = PBXBuildFile; fileRef = CBB328722064B2BA0029029E /* o_weibo@3x.png */; };
		CBB328EC2064B2C80029029E /* composer_halfrating_icon@3x.png in Resources */ = {isa = PBXBuildFile; fileRef = CBB328732064B2BA0029029E /* composer_halfrating_icon@3x.png */; };
		CBB328ED2064B2C80029029E /* d_dalian@3x.png in Resources */ = {isa = PBXBuildFile; fileRef = CBB328742064B2BA0029029E /* d_dalian@3x.png */; };
		CBB328EE2064B2C80029029E /* d_tian@3x.png in Resources */ = {isa = PBXBuildFile; fileRef = CBB328752064B2BB0029029E /* d_tian@3x.png */; };
		CBB328EF2064B2C80029029E /* d_sikao@3x.png in Resources */ = {isa = PBXBuildFile; fileRef = CBB328762064B2BB0029029E /* d_sikao@3x.png */; };
		CBB328F02064B2C80029029E /* d_weiqu@3x.png in Resources */ = {isa = PBXBuildFile; fileRef = CBB328772064B2BB0029029E /* d_weiqu@3x.png */; };
		CBB328F12064B2C80029029E /* d_youhengheng@3x.png in Resources */ = {isa = PBXBuildFile; fileRef = CBB328782064B2BB0029029E /* d_youhengheng@3x.png */; };
		CBB328F22064B2C80029029E /* d_haha@3x.png in Resources */ = {isa = PBXBuildFile; fileRef = CBB328792064B2BB0029029E /* d_haha@3x.png */; };
		CBB328F32064B2C80029029E /* o_lvsidai@3x.png in Resources */ = {isa = PBXBuildFile; fileRef = CBB3287A2064B2BC0029029E /* o_lvsidai@3x.png */; };
		CBB328F42064B2C80029029E /* h_ruo@3x.png in Resources */ = {isa = PBXBuildFile; fileRef = CBB3287B2064B2BC0029029E /* h_ruo@3x.png */; };
		CBB328F52064B2C80029029E /* d_miao@3x.png in Resources */ = {isa = PBXBuildFile; fileRef = CBB3287C2064B2BC0029029E /* d_miao@3x.png */; };
		CBB328F62064B2C80029029E /* d_kelian@3x.png in Resources */ = {isa = PBXBuildFile; fileRef = CBB3287D2064B2BC0029029E /* d_kelian@3x.png */; };
		CBB328F72064B2C80029029E /* f_meng@3x.png in Resources */ = {isa = PBXBuildFile; fileRef = CBB3287E2064B2BD0029029E /* f_meng@3x.png */; };
		CBB328F82064B2C80029029E /* d_haixiu@3x.png in Resources */ = {isa = PBXBuildFile; fileRef = CBB3287F2064B2BD0029029E /* d_haixiu@3x.png */; };
		CBB328F92064B2C80029029E /* d_numa@3x.png in Resources */ = {isa = PBXBuildFile; fileRef = CBB328802064B2BD0029029E /* d_numa@3x.png */; };
		CBB328FA2064B2C80029029E /* d_touxiao@3x.png in Resources */ = {isa = PBXBuildFile; fileRef = CBB328812064B2BD0029029E /* d_touxiao@3x.png */; };
		CBB328FB2064B2C80029029E /* l_shangxin@3x.png in Resources */ = {isa = PBXBuildFile; fileRef = CBB328822064B2BD0029029E /* l_shangxin@3x.png */; };
		CBB328FC2064B2C80029029E /* d_heixian@3x.png in Resources */ = {isa = PBXBuildFile; fileRef = CBB328832064B2BD0029029E /* d_heixian@3x.png */; };
		CBB328FD2064B2C80029029E /* o_zhong@3x.png in Resources */ = {isa = PBXBuildFile; fileRef = CBB328842064B2BE0029029E /* o_zhong@3x.png */; };
		CBB328FE2064B2C80029029E /* d_shengbing@3x.png in Resources */ = {isa = PBXBuildFile; fileRef = CBB328852064B2BE0029029E /* d_shengbing@3x.png */; };
		CBB328FF2064B2C80029029E /* d_ganmao@3x.png in Resources */ = {isa = PBXBuildFile; fileRef = CBB328862064B2BE0029029E /* d_ganmao@3x.png */; };
		CBB329002064B2C80029029E /* d_landelini@3x.png in Resources */ = {isa = PBXBuildFile; fileRef = CBB328872064B2BE0029029E /* d_landelini@3x.png */; };
		CBB329012064B2C80029029E /* f_xi@3x.png in Resources */ = {isa = PBXBuildFile; fileRef = CBB328882064B2BE0029029E /* f_xi@3x.png */; };
		CBB329022064B2C80029029E /* d_yiwen@3x.png in Resources */ = {isa = PBXBuildFile; fileRef = CBB328892064B2BF0029029E /* d_yiwen@3x.png */; };
		CBB329032064B2C80029029E /* d_chanzui@3x.png in Resources */ = {isa = PBXBuildFile; fileRef = CBB3288A2064B2BF0029029E /* d_chanzui@3x.png */; };
		CBB329042064B2C80029029E /* l_xin@3x.png in Resources */ = {isa = PBXBuildFile; fileRef = CBB3288B2064B2BF0029029E /* l_xin@3x.png */; };
		CBB329052064B2C80029029E /* composer_rating_icon_highlighted@3x.png in Resources */ = {isa = PBXBuildFile; fileRef = CBB3288C2064B2BF0029029E /* composer_rating_icon_highlighted@3x.png */; };
		CBB329062064B2C80029029E /* d_taikaixin@3x.png in Resources */ = {isa = PBXBuildFile; fileRef = CBB3288D2064B2BF0029029E /* d_taikaixin@3x.png */; };
		CBB329072064B2C80029029E /* d_doge@3x.png in Resources */ = {isa = PBXBuildFile; fileRef = CBB3288E2064B2C00029029E /* d_doge@3x.png */; };
		CBB329082064B2C80029029E /* d_aini@3x.png in Resources */ = {isa = PBXBuildFile; fileRef = CBB3288F2064B2C00029029E /* d_aini@3x.png */; };
		CBB329092064B2C80029029E /* o_feiji@3x.png in Resources */ = {isa = PBXBuildFile; fileRef = CBB328902064B2C00029029E /* o_feiji@3x.png */; };
		CBB3290A2064B2C80029029E /* o_huatong@3x.png in Resources */ = {isa = PBXBuildFile; fileRef = CBB328912064B2C00029029E /* o_huatong@3x.png */; };
		CBB3290B2064B2C80029029E /* d_qian@3x.png in Resources */ = {isa = PBXBuildFile; fileRef = CBB328922064B2C00029029E /* d_qian@3x.png */; };
		CBB3290C2064B2C80029029E /* h_woshou@3x.png in Resources */ = {isa = PBXBuildFile; fileRef = CBB328932064B2C00029029E /* h_woshou@3x.png */; };
		CBB3290D2064B2C80029029E /* d_nu@3x.png in Resources */ = {isa = PBXBuildFile; fileRef = CBB328942064B2C10029029E /* d_nu@3x.png */; };
		CBB3290E2064B2C80029029E /* d_huaxin@3x.png in Resources */ = {isa = PBXBuildFile; fileRef = CBB328952064B2C10029029E /* d_huaxin@3x.png */; };
		CBB3290F2064B2C80029029E /* d_bishi@3x.png in Resources */ = {isa = PBXBuildFile; fileRef = CBB328962064B2C10029029E /* d_bishi@3x.png */; };
		CBB329102064B2C80029029E /* w_xiayu@3x.png in Resources */ = {isa = PBXBuildFile; fileRef = CBB328972064B2C10029029E /* w_xiayu@3x.png */; };
		CBB329112064B2C80029029E /* d_qinqin@3x.png in Resources */ = {isa = PBXBuildFile; fileRef = CBB328982064B2C10029029E /* d_qinqin@3x.png */; };
		CBB329122064B2C80029029E /* d_kun@3x.png in Resources */ = {isa = PBXBuildFile; fileRef = CBB328992064B2C10029029E /* d_kun@3x.png */; };
		CBB329132064B2C80029029E /* d_yunbei@3x.png in Resources */ = {isa = PBXBuildFile; fileRef = CBB3289A2064B2C20029029E /* d_yunbei@3x.png */; };
		CBB329142064B2C80029029E /* d_shenshou@3x.png in Resources */ = {isa = PBXBuildFile; fileRef = CBB3289B2064B2C20029029E /* d_shenshou@3x.png */; };
		CBB329152064B2C80029029E /* d_heiheihei@3x.png in Resources */ = {isa = PBXBuildFile; fileRef = CBB3289C2064B2C20029029E /* d_heiheihei@3x.png */; };
		CBB329162064B2C80029029E /* d_dahaqi@3x.png in Resources */ = {isa = PBXBuildFile; fileRef = CBB3289D2064B2C20029029E /* d_dahaqi@3x.png */; };
		CBB329172064B2C80029029E /* d_tu@3x.png in Resources */ = {isa = PBXBuildFile; fileRef = CBB3289E2064B2C20029029E /* d_tu@3x.png */; };
		CBB329182064B2C80029029E /* d_hehe@3x.png in Resources */ = {isa = PBXBuildFile; fileRef = CBB3289F2064B2C20029029E /* d_hehe@3x.png */; };
		CBB329192064B2C80029029E /* d_keai@3x.png in Resources */ = {isa = PBXBuildFile; fileRef = CBB328A02064B2C30029029E /* d_keai@3x.png */; };
		CBB3291A2064B2C80029029E /* d_shayan@3x.png in Resources */ = {isa = PBXBuildFile; fileRef = CBB328A12064B2C30029029E /* d_shayan@3x.png */; };
		CBB3291B2064B2C80029029E /* f_shenma@3x.png in Resources */ = {isa = PBXBuildFile; fileRef = CBB328A22064B2C30029029E /* f_shenma@3x.png */; };
		CBB3291C2064B2C80029029E /* h_ye@3x.png in Resources */ = {isa = PBXBuildFile; fileRef = CBB328A32064B2C30029029E /* h_ye@3x.png */; };
		CBB3291D2064B2C80029029E /* d_shuai@3x.png in Resources */ = {isa = PBXBuildFile; fileRef = CBB328A42064B2C30029029E /* d_shuai@3x.png */; };
		CBB3291E2064B2C80029029E /* f_zhi@3x.png in Resources */ = {isa = PBXBuildFile; fileRef = CBB328A52064B2C40029029E /* f_zhi@3x.png */; };
		CBB3291F2064B2C80029029E /* f_hufen@3x.png in Resources */ = {isa = PBXBuildFile; fileRef = CBB328A62064B2C40029029E /* f_hufen@3x.png */; };
		CBB329202064B2C80029029E /* o_dangao@3x.png in Resources */ = {isa = PBXBuildFile; fileRef = CBB328A72064B2C40029029E /* o_dangao@3x.png */; };
		CBB329212064B2C80029029E /* d_guzhang@3x.png in Resources */ = {isa = PBXBuildFile; fileRef = CBB328A82064B2C40029029E /* d_guzhang@3x.png */; };
		CBB329222064B2C80029029E /* d_erha@3x.png in Resources */ = {isa = PBXBuildFile; fileRef = CBB328A92064B2C40029029E /* d_erha@3x.png */; };
		CBB329232064B2C80029029E /* o_yinyue@3x.png in Resources */ = {isa = PBXBuildFile; fileRef = CBB328AA2064B2C40029029E /* o_yinyue@3x.png */; };
		CBB329242064B2C80029029E /* d_yun@3x.png in Resources */ = {isa = PBXBuildFile; fileRef = CBB328AB2064B2C50029029E /* d_yun@3x.png */; };
		CBB329252064B2C80029029E /* d_xiaoku@3x.png in Resources */ = {isa = PBXBuildFile; fileRef = CBB328AC2064B2C50029029E /* d_xiaoku@3x.png */; };
		CBB329262064B2C80029029E /* h_quantou@3x.png in Resources */ = {isa = PBXBuildFile; fileRef = CBB328AD2064B2C50029029E /* h_quantou@3x.png */; };
		CBB329272064B2C80029029E /* h_zuoyi@3x.png in Resources */ = {isa = PBXBuildFile; fileRef = CBB328AE2064B2C50029029E /* h_zuoyi@3x.png */; };
		CBB329282064B2C80029029E /* f_v5@2x.png in Resources */ = {isa = PBXBuildFile; fileRef = CBB328AF2064B2C50029029E /* f_v5@2x.png */; };
		CBB329292064B2C80029029E /* d_tuzi@3x.png in Resources */ = {isa = PBXBuildFile; fileRef = CBB328B02064B2C50029029E /* d_tuzi@3x.png */; };
		CBB3292A2064B2C90029029E /* w_weifeng@3x.png in Resources */ = {isa = PBXBuildFile; fileRef = CBB328B12064B2C60029029E /* w_weifeng@3x.png */; };
		CBB3292B2064B2C90029029E /* d_bingbujiandan@3x.png in Resources */ = {isa = PBXBuildFile; fileRef = CBB328B22064B2C60029029E /* d_bingbujiandan@3x.png */; };
		CBB3292C2064B2C90029029E /* d_kulou@3x.png in Resources */ = {isa = PBXBuildFile; fileRef = CBB328B32064B2C60029029E /* d_kulou@3x.png */; };
		CBB3292D2064B2C90029029E /* w_xianhua@3x.png in Resources */ = {isa = PBXBuildFile; fileRef = CBB328B42064B2C60029029E /* w_xianhua@3x.png */; };
		CBB3292E2064B2C90029029E /* d_chijing@3x.png in Resources */ = {isa = PBXBuildFile; fileRef = CBB328B52064B2C60029029E /* d_chijing@3x.png */; };
		CBB3292F2064B2C90029029E /* d_madaochenggong@2x.png in Resources */ = {isa = PBXBuildFile; fileRef = CBB328B62064B2C70029029E /* d_madaochenggong@2x.png */; };
		CBB329302064B2C90029029E /* d_lang@3x.png in Resources */ = {isa = PBXBuildFile; fileRef = CBB328B72064B2C70029029E /* d_lang@3x.png */; };
		CBB329312064B2C90029029E /* d_nvhaier@3x.png in Resources */ = {isa = PBXBuildFile; fileRef = CBB328B82064B2C70029029E /* d_nvhaier@3x.png */; };
		CBB329322064B2C90029029E /* EmotionsInfo.plist in Resources */ = {isa = PBXBuildFile; fileRef = CBB328B92064B2C70029029E /* EmotionsInfo.plist */; };
		CBB329332064B2C90029029E /* d_zhutou@3x.png in Resources */ = {isa = PBXBuildFile; fileRef = CBB328BA2064B2C80029029E /* d_zhutou@3x.png */; };
		CBB329342064B2C90029029E /* d_xu@3x.png in Resources */ = {isa = PBXBuildFile; fileRef = CBB328BB2064B2C80029029E /* d_xu@3x.png */; };
		CBB329352064B2C90029029E /* d_heng@3x.png in Resources */ = {isa = PBXBuildFile; fileRef = CBB328BC2064B2C80029029E /* d_heng@3x.png */; };
		CBB329362064B2C90029029E /* d_lei@3x.png in Resources */ = {isa = PBXBuildFile; fileRef = CBB328BD2064B2C80029029E /* d_lei@3x.png */; };
		CBB329372064B2C90029029E /* d_zuohengheng@3x.png in Resources */ = {isa = PBXBuildFile; fileRef = CBB328BE2064B2C80029029E /* d_zuohengheng@3x.png */; };
		CBB329382064B2C90029029E /* h_buyao@3x.png in Resources */ = {isa = PBXBuildFile; fileRef = CBB328BF2064B2C80029029E /* h_buyao@3x.png */; };
		CBB329392064B2C90029029E /* d_han@3x.png in Resources */ = {isa = PBXBuildFile; fileRef = CBB328C02064B2C80029029E /* d_han@3x.png */; };
		CBB3293A2064B2C90029029E /* d_feizao@3x.png in Resources */ = {isa = PBXBuildFile; fileRef = CBB328C12064B2C80029029E /* d_feizao@3x.png */; };
		CBB3293B2064B2C90029029E /* d_wabishi@3x.png in Resources */ = {isa = PBXBuildFile; fileRef = CBB328C22064B2C80029029E /* d_wabishi@3x.png */; };
		CBB3293C2064B2C90029029E /* w_fuyun@3x.png in Resources */ = {isa = PBXBuildFile; fileRef = CBB328C32064B2C80029029E /* w_fuyun@3x.png */; };
		CBB3293E2064B3780029029E /* KLEmotion.swift in Sources */ = {isa = PBXBuildFile; fileRef = CBB3293D2064B3780029029E /* KLEmotion.swift */; };
		CBB329402064B4140029029E /* KLEmotionManager.swift in Sources */ = {isa = PBXBuildFile; fileRef = CBB3293F2064B4140029029E /* KLEmotionManager.swift */; };
/* End PBXBuildFile section */

/* Begin PBXFileReference section */
		58973CE62798931C7E9C902E /* Pods-WeiBo.debug.xcconfig */ = {isa = PBXFileReference; includeInIndex = 1; lastKnownFileType = text.xcconfig; name = "Pods-WeiBo.debug.xcconfig"; path = "Pods/Target Support Files/Pods-WeiBo/Pods-WeiBo.debug.xcconfig"; sourceTree = "<group>"; };
		7611CDE66577849B3F17A549 /* Pods-WeiBo.release.xcconfig */ = {isa = PBXFileReference; includeInIndex = 1; lastKnownFileType = text.xcconfig; name = "Pods-WeiBo.release.xcconfig"; path = "Pods/Target Support Files/Pods-WeiBo/Pods-WeiBo.release.xcconfig"; sourceTree = "<group>"; };
		CBB327CB2060E6910029029E /* WeiBo.app */ = {isa = PBXFileReference; explicitFileType = wrapper.application; includeInIndex = 0; path = WeiBo.app; sourceTree = BUILT_PRODUCTS_DIR; };
		CBB327D52060E6910029029E /* Assets.xcassets */ = {isa = PBXFileReference; lastKnownFileType = folder.assetcatalog; path = Assets.xcassets; sourceTree = "<group>"; };
		CBB327D82060E6910029029E /* Base */ = {isa = PBXFileReference; lastKnownFileType = file.storyboard; name = Base; path = Base.lproj/LaunchScreen.storyboard; sourceTree = "<group>"; };
		CBB327DA2060E6910029029E /* Info.plist */ = {isa = PBXFileReference; lastKnownFileType = text.plist.xml; path = Info.plist; sourceTree = "<group>"; };
		CBB327E22060E6C40029029E /* KLHomeViewController.swift */ = {isa = PBXFileReference; fileEncoding = 4; lastKnownFileType = sourcecode.swift; path = KLHomeViewController.swift; sourceTree = "<group>"; };
		CBB327E72060E6C40029029E /* KLNetworkEngine.swift */ = {isa = PBXFileReference; fileEncoding = 4; lastKnownFileType = sourcecode.swift; path = KLNetworkEngine.swift; sourceTree = "<group>"; };
		CBB327EB2060E75C0029029E /* AppDelegate.swift */ = {isa = PBXFileReference; fileEncoding = 4; lastKnownFileType = sourcecode.swift; path = AppDelegate.swift; sourceTree = "<group>"; };
		CBB327EC2060E75C0029029E /* KLBaseViewController.swift */ = {isa = PBXFileReference; fileEncoding = 4; lastKnownFileType = sourcecode.swift; path = KLBaseViewController.swift; sourceTree = "<group>"; };
		CBB327ED2060E75C0029029E /* KLCommon.swift */ = {isa = PBXFileReference; fileEncoding = 4; lastKnownFileType = sourcecode.swift; path = KLCommon.swift; sourceTree = "<group>"; };
		CBB327EE2060E75C0029029E /* KLNavigationController.swift */ = {isa = PBXFileReference; fileEncoding = 4; lastKnownFileType = sourcecode.swift; path = KLNavigationController.swift; sourceTree = "<group>"; };
		CBB327EF2060E75C0029029E /* KLTabBarController.swift */ = {isa = PBXFileReference; fileEncoding = 4; lastKnownFileType = sourcecode.swift; path = KLTabBarController.swift; sourceTree = "<group>"; };
		CBB327F52060F2DE0029029E /* KLStatusesModel.swift */ = {isa = PBXFileReference; lastKnownFileType = sourcecode.swift; path = KLStatusesModel.swift; sourceTree = "<group>"; };
		CBB327F9206208610029029E /* KL_String+Range.swift */ = {isa = PBXFileReference; lastKnownFileType = sourcecode.swift; path = "KL_String+Range.swift"; sourceTree = "<group>"; };
		CBB327FB20623AE80029029E /* KLHomeTableView.swift */ = {isa = PBXFileReference; lastKnownFileType = sourcecode.swift; path = KLHomeTableView.swift; sourceTree = "<group>"; };
		CBB327FD20623B470029029E /* KLHomeTableViewCell.swift */ = {isa = PBXFileReference; lastKnownFileType = sourcecode.swift; path = KLHomeTableViewCell.swift; sourceTree = "<group>"; };
		CBB327FF206253720029029E /* KLAvatarView.swift */ = {isa = PBXFileReference; lastKnownFileType = sourcecode.swift; path = KLAvatarView.swift; sourceTree = "<group>"; };
		CBB3280120626D7C0029029E /* KLSimpleTextView.swift */ = {isa = PBXFileReference; lastKnownFileType = sourcecode.swift; path = KLSimpleTextView.swift; sourceTree = "<group>"; };
		CBB3280320627CA50029029E /* KLCTFrameManager.swift */ = {isa = PBXFileReference; lastKnownFileType = sourcecode.swift; path = KLCTFrameManager.swift; sourceTree = "<group>"; };
		CBB328052062A9E30029029E /* KL_Date+.swift */ = {isa = PBXFileReference; lastKnownFileType = sourcecode.swift; path = "KL_Date+.swift"; sourceTree = "<group>"; };
		CBB3280720635F710029029E /* KLUIView+.swift */ = {isa = PBXFileReference; lastKnownFileType = sourcecode.swift; path = "KLUIView+.swift"; sourceTree = "<group>"; };
		CBB3280D2063AA630029029E /* RegularExpressionTool.swift */ = {isa = PBXFileReference; fileEncoding = 4; lastKnownFileType = sourcecode.swift; path = RegularExpressionTool.swift; sourceTree = "<group>"; };
		CBB3280F2063D79C0029029E /* KLUserModel.swift */ = {isa = PBXFileReference; lastKnownFileType = sourcecode.swift; path = KLUserModel.swift; sourceTree = "<group>"; };
		CBB328112063D7AC0029029E /* KLCTFrameModel.swift */ = {isa = PBXFileReference; lastKnownFileType = sourcecode.swift; path = KLCTFrameModel.swift; sourceTree = "<group>"; };
		CBB328132063D7F70029029E /* KLPartModel.swift */ = {isa = PBXFileReference; lastKnownFileType = sourcecode.swift; path = KLPartModel.swift; sourceTree = "<group>"; };
		CBB328482063FFA70029029E /* KLContentTextView.swift */ = {isa = PBXFileReference; lastKnownFileType = sourcecode.swift; path = KLContentTextView.swift; sourceTree = "<group>"; };
		CBB3284B2064B2B40029029E /* h_lai@3x.png */ = {isa = PBXFileReference; lastKnownFileType = image.png; path = "h_lai@3x.png"; sourceTree = "<group>"; };
		CBB3284C2064B2B40029029E /* d_ku@3x.png */ = {isa = PBXFileReference; lastKnownFileType = image.png; path = "d_ku@3x.png"; sourceTree = "<group>"; };
		CBB3284D2064B2B40029029E /* d_xixi@3x.png */ = {isa = PBXFileReference; lastKnownFileType = image.png; path = "d_xixi@3x.png"; sourceTree = "<group>"; };
		CBB3284E2064B2B40029029E /* d_jiyan@3x.png */ = {isa = PBXFileReference; lastKnownFileType = image.png; path = "d_jiyan@3x.png"; sourceTree = "<group>"; };
		CBB3284F2064B2B40029029E /* o_weiguan@3x.png */ = {isa = PBXFileReference; lastKnownFileType = image.png; path = "o_weiguan@3x.png"; sourceTree = "<group>"; };
		CBB328502064B2B50029029E /* d_bizui@3x.png */ = {isa = PBXFileReference; lastKnownFileType = image.png; path = "d_bizui@3x.png"; sourceTree = "<group>"; };
		CBB328512064B2B50029029E /* d_yinxian@3x.png */ = {isa = PBXFileReference; lastKnownFileType = image.png; path = "d_yinxian@3x.png"; sourceTree = "<group>"; };
		CBB328522064B2B50029029E /* h_good@3x.png */ = {isa = PBXFileReference; lastKnownFileType = image.png; path = "h_good@3x.png"; sourceTree = "<group>"; };
		CBB328532064B2B50029029E /* d_baobao@3x.png */ = {isa = PBXFileReference; lastKnownFileType = image.png; path = "d_baobao@3x.png"; sourceTree = "<group>"; };
		CBB328542064B2B50029029E /* d_beishang@3x.png */ = {isa = PBXFileReference; lastKnownFileType = image.png; path = "d_beishang@3x.png"; sourceTree = "<group>"; };
		CBB328552064B2B50029029E /* d_xiongmao@3x.png */ = {isa = PBXFileReference; lastKnownFileType = image.png; path = "d_xiongmao@3x.png"; sourceTree = "<group>"; };
		CBB328562064B2B50029029E /* d_shuijiao@3x.png */ = {isa = PBXFileReference; lastKnownFileType = image.png; path = "d_shuijiao@3x.png"; sourceTree = "<group>"; };
		CBB328572064B2B50029029E /* d_nanhaier@3x.png */ = {isa = PBXFileReference; lastKnownFileType = image.png; path = "d_nanhaier@3x.png"; sourceTree = "<group>"; };
		CBB328582064B2B50029029E /* h_haha@3x.png */ = {isa = PBXFileReference; lastKnownFileType = image.png; path = "h_haha@3x.png"; sourceTree = "<group>"; };
		CBB328592064B2B60029029E /* o_liwu@3x.png */ = {isa = PBXFileReference; lastKnownFileType = image.png; path = "o_liwu@3x.png"; sourceTree = "<group>"; };
		CBB3285A2064B2B60029029E /* w_shachenbao@3x.png */ = {isa = PBXFileReference; lastKnownFileType = image.png; path = "w_shachenbao@3x.png"; sourceTree = "<group>"; };
		CBB3285B2064B2B60029029E /* d_zuiyou@3x.png */ = {isa = PBXFileReference; lastKnownFileType = image.png; path = "d_zuiyou@3x.png"; sourceTree = "<group>"; };
		CBB3285C2064B2B60029029E /* d_zhuakuang@3x.png */ = {isa = PBXFileReference; lastKnownFileType = image.png; path = "d_zhuakuang@3x.png"; sourceTree = "<group>"; };
		CBB3285D2064B2B60029029E /* o_lazhu@3x.png */ = {isa = PBXFileReference; lastKnownFileType = image.png; path = "o_lazhu@3x.png"; sourceTree = "<group>"; };
		CBB3285E2064B2B70029029E /* h_zan@3x.png */ = {isa = PBXFileReference; lastKnownFileType = image.png; path = "h_zan@3x.png"; sourceTree = "<group>"; };
		CBB3285F2064B2B70029029E /* d_zhajipijiu@2x.png */ = {isa = PBXFileReference; lastKnownFileType = image.png; path = "d_zhajipijiu@2x.png"; sourceTree = "<group>"; };
		CBB328602064B2B70029029E /* d_wu@3x.png */ = {isa = PBXFileReference; lastKnownFileType = image.png; path = "d_wu@3x.png"; sourceTree = "<group>"; };
		CBB328612064B2B70029029E /* h_ok@3x.png */ = {isa = PBXFileReference; lastKnownFileType = image.png; path = "h_ok@3x.png"; sourceTree = "<group>"; };
		CBB328622064B2B70029029E /* w_taiyang@3x.png */ = {isa = PBXFileReference; lastKnownFileType = image.png; path = "w_taiyang@3x.png"; sourceTree = "<group>"; };
		CBB328632064B2B70029029E /* w_yueliang@3x.png */ = {isa = PBXFileReference; lastKnownFileType = image.png; path = "w_yueliang@3x.png"; sourceTree = "<group>"; };
		CBB328642064B2B70029029E /* d_ding@3x.png */ = {isa = PBXFileReference; lastKnownFileType = image.png; path = "d_ding@3x.png"; sourceTree = "<group>"; };
		CBB328652064B2B80029029E /* h_jiayou@3x.png */ = {isa = PBXFileReference; lastKnownFileType = image.png; path = "h_jiayou@3x.png"; sourceTree = "<group>"; };
		CBB328662064B2B80029029E /* d_feijie@3x.png */ = {isa = PBXFileReference; lastKnownFileType = image.png; path = "d_feijie@3x.png"; sourceTree = "<group>"; };
		CBB328672064B2B80029029E /* d_aoteman@3x.png */ = {isa = PBXFileReference; lastKnownFileType = image.png; path = "d_aoteman@3x.png"; sourceTree = "<group>"; };
		CBB328682064B2B80029029E /* d_tanshou@3x.png */ = {isa = PBXFileReference; lastKnownFileType = image.png; path = "d_tanshou@3x.png"; sourceTree = "<group>"; };
		CBB328692064B2B80029029E /* d_huaixiao@3x.png */ = {isa = PBXFileReference; lastKnownFileType = image.png; path = "d_huaixiao@3x.png"; sourceTree = "<group>"; };
		CBB3286A2064B2B80029029E /* f_jiong@3x.png */ = {isa = PBXFileReference; lastKnownFileType = image.png; path = "f_jiong@3x.png"; sourceTree = "<group>"; };
		CBB3286B2064B2B90029029E /* f_geili@3x.png */ = {isa = PBXFileReference; lastKnownFileType = image.png; path = "f_geili@3x.png"; sourceTree = "<group>"; };
		CBB3286C2064B2B90029029E /* f_v5@3x.png */ = {isa = PBXFileReference; lastKnownFileType = image.png; path = "f_v5@3x.png"; sourceTree = "<group>"; };
		CBB3286D2064B2B90029029E /* d_baibai@3x.png */ = {isa = PBXFileReference; lastKnownFileType = image.png; path = "d_baibai@3x.png"; sourceTree = "<group>"; };
		CBB3286E2064B2B90029029E /* o_ganbei@3x.png */ = {isa = PBXFileReference; lastKnownFileType = image.png; path = "o_ganbei@3x.png"; sourceTree = "<group>"; };
		CBB3286F2064B2BA0029029E /* o_zhaoxiangji@3x.png */ = {isa = PBXFileReference; lastKnownFileType = image.png; path = "o_zhaoxiangji@3x.png"; sourceTree = "<group>"; };
		CBB328702064B2BA0029029E /* d_xingxingyan@3x.png */ = {isa = PBXFileReference; lastKnownFileType = image.png; path = "d_xingxingyan@3x.png"; sourceTree = "<group>"; };
		CBB328712064B2BA0029029E /* d_shiwang@3x.png */ = {isa = PBXFileReference; lastKnownFileType = image.png; path = "d_shiwang@3x.png"; sourceTree = "<group>"; };
		CBB328722064B2BA0029029E /* o_weibo@3x.png */ = {isa = PBXFileReference; lastKnownFileType = image.png; path = "o_weibo@3x.png"; sourceTree = "<group>"; };
		CBB328732064B2BA0029029E /* composer_halfrating_icon@3x.png */ = {isa = PBXFileReference; lastKnownFileType = image.png; path = "composer_halfrating_icon@3x.png"; sourceTree = "<group>"; };
		CBB328742064B2BA0029029E /* d_dalian@3x.png */ = {isa = PBXFileReference; lastKnownFileType = image.png; path = "d_dalian@3x.png"; sourceTree = "<group>"; };
		CBB328752064B2BB0029029E /* d_tian@3x.png */ = {isa = PBXFileReference; lastKnownFileType = image.png; path = "d_tian@3x.png"; sourceTree = "<group>"; };
		CBB328762064B2BB0029029E /* d_sikao@3x.png */ = {isa = PBXFileReference; lastKnownFileType = image.png; path = "d_sikao@3x.png"; sourceTree = "<group>"; };
		CBB328772064B2BB0029029E /* d_weiqu@3x.png */ = {isa = PBXFileReference; lastKnownFileType = image.png; path = "d_weiqu@3x.png"; sourceTree = "<group>"; };
		CBB328782064B2BB0029029E /* d_youhengheng@3x.png */ = {isa = PBXFileReference; lastKnownFileType = image.png; path = "d_youhengheng@3x.png"; sourceTree = "<group>"; };
		CBB328792064B2BB0029029E /* d_haha@3x.png */ = {isa = PBXFileReference; lastKnownFileType = image.png; path = "d_haha@3x.png"; sourceTree = "<group>"; };
		CBB3287A2064B2BC0029029E /* o_lvsidai@3x.png */ = {isa = PBXFileReference; lastKnownFileType = image.png; path = "o_lvsidai@3x.png"; sourceTree = "<group>"; };
		CBB3287B2064B2BC0029029E /* h_ruo@3x.png */ = {isa = PBXFileReference; lastKnownFileType = image.png; path = "h_ruo@3x.png"; sourceTree = "<group>"; };
		CBB3287C2064B2BC0029029E /* d_miao@3x.png */ = {isa = PBXFileReference; lastKnownFileType = image.png; path = "d_miao@3x.png"; sourceTree = "<group>"; };
		CBB3287D2064B2BC0029029E /* d_kelian@3x.png */ = {isa = PBXFileReference; lastKnownFileType = image.png; path = "d_kelian@3x.png"; sourceTree = "<group>"; };
		CBB3287E2064B2BD0029029E /* f_meng@3x.png */ = {isa = PBXFileReference; lastKnownFileType = image.png; path = "f_meng@3x.png"; sourceTree = "<group>"; };
		CBB3287F2064B2BD0029029E /* d_haixiu@3x.png */ = {isa = PBXFileReference; lastKnownFileType = image.png; path = "d_haixiu@3x.png"; sourceTree = "<group>"; };
		CBB328802064B2BD0029029E /* d_numa@3x.png */ = {isa = PBXFileReference; lastKnownFileType = image.png; path = "d_numa@3x.png"; sourceTree = "<group>"; };
		CBB328812064B2BD0029029E /* d_touxiao@3x.png */ = {isa = PBXFileReference; lastKnownFileType = image.png; path = "d_touxiao@3x.png"; sourceTree = "<group>"; };
		CBB328822064B2BD0029029E /* l_shangxin@3x.png */ = {isa = PBXFileReference; lastKnownFileType = image.png; path = "l_shangxin@3x.png"; sourceTree = "<group>"; };
		CBB328832064B2BD0029029E /* d_heixian@3x.png */ = {isa = PBXFileReference; lastKnownFileType = image.png; path = "d_heixian@3x.png"; sourceTree = "<group>"; };
		CBB328842064B2BE0029029E /* o_zhong@3x.png */ = {isa = PBXFileReference; lastKnownFileType = image.png; path = "o_zhong@3x.png"; sourceTree = "<group>"; };
		CBB328852064B2BE0029029E /* d_shengbing@3x.png */ = {isa = PBXFileReference; lastKnownFileType = image.png; path = "d_shengbing@3x.png"; sourceTree = "<group>"; };
		CBB328862064B2BE0029029E /* d_ganmao@3x.png */ = {isa = PBXFileReference; lastKnownFileType = image.png; path = "d_ganmao@3x.png"; sourceTree = "<group>"; };
		CBB328872064B2BE0029029E /* d_landelini@3x.png */ = {isa = PBXFileReference; lastKnownFileType = image.png; path = "d_landelini@3x.png"; sourceTree = "<group>"; };
		CBB328882064B2BE0029029E /* f_xi@3x.png */ = {isa = PBXFileReference; lastKnownFileType = image.png; path = "f_xi@3x.png"; sourceTree = "<group>"; };
		CBB328892064B2BF0029029E /* d_yiwen@3x.png */ = {isa = PBXFileReference; lastKnownFileType = image.png; path = "d_yiwen@3x.png"; sourceTree = "<group>"; };
		CBB3288A2064B2BF0029029E /* d_chanzui@3x.png */ = {isa = PBXFileReference; lastKnownFileType = image.png; path = "d_chanzui@3x.png"; sourceTree = "<group>"; };
		CBB3288B2064B2BF0029029E /* l_xin@3x.png */ = {isa = PBXFileReference; lastKnownFileType = image.png; path = "l_xin@3x.png"; sourceTree = "<group>"; };
		CBB3288C2064B2BF0029029E /* composer_rating_icon_highlighted@3x.png */ = {isa = PBXFileReference; lastKnownFileType = image.png; path = "composer_rating_icon_highlighted@3x.png"; sourceTree = "<group>"; };
		CBB3288D2064B2BF0029029E /* d_taikaixin@3x.png */ = {isa = PBXFileReference; lastKnownFileType = image.png; path = "d_taikaixin@3x.png"; sourceTree = "<group>"; };
		CBB3288E2064B2C00029029E /* d_doge@3x.png */ = {isa = PBXFileReference; lastKnownFileType = image.png; path = "d_doge@3x.png"; sourceTree = "<group>"; };
		CBB3288F2064B2C00029029E /* d_aini@3x.png */ = {isa = PBXFileReference; lastKnownFileType = image.png; path = "d_aini@3x.png"; sourceTree = "<group>"; };
		CBB328902064B2C00029029E /* o_feiji@3x.png */ = {isa = PBXFileReference; lastKnownFileType = image.png; path = "o_feiji@3x.png"; sourceTree = "<group>"; };
		CBB328912064B2C00029029E /* o_huatong@3x.png */ = {isa = PBXFileReference; lastKnownFileType = image.png; path = "o_huatong@3x.png"; sourceTree = "<group>"; };
		CBB328922064B2C00029029E /* d_qian@3x.png */ = {isa = PBXFileReference; lastKnownFileType = image.png; path = "d_qian@3x.png"; sourceTree = "<group>"; };
		CBB328932064B2C00029029E /* h_woshou@3x.png */ = {isa = PBXFileReference; lastKnownFileType = image.png; path = "h_woshou@3x.png"; sourceTree = "<group>"; };
		CBB328942064B2C10029029E /* d_nu@3x.png */ = {isa = PBXFileReference; lastKnownFileType = image.png; path = "d_nu@3x.png"; sourceTree = "<group>"; };
		CBB328952064B2C10029029E /* d_huaxin@3x.png */ = {isa = PBXFileReference; lastKnownFileType = image.png; path = "d_huaxin@3x.png"; sourceTree = "<group>"; };
		CBB328962064B2C10029029E /* d_bishi@3x.png */ = {isa = PBXFileReference; lastKnownFileType = image.png; path = "d_bishi@3x.png"; sourceTree = "<group>"; };
		CBB328972064B2C10029029E /* w_xiayu@3x.png */ = {isa = PBXFileReference; lastKnownFileType = image.png; path = "w_xiayu@3x.png"; sourceTree = "<group>"; };
		CBB328982064B2C10029029E /* d_qinqin@3x.png */ = {isa = PBXFileReference; lastKnownFileType = image.png; path = "d_qinqin@3x.png"; sourceTree = "<group>"; };
		CBB328992064B2C10029029E /* d_kun@3x.png */ = {isa = PBXFileReference; lastKnownFileType = image.png; path = "d_kun@3x.png"; sourceTree = "<group>"; };
		CBB3289A2064B2C20029029E /* d_yunbei@3x.png */ = {isa = PBXFileReference; lastKnownFileType = image.png; path = "d_yunbei@3x.png"; sourceTree = "<group>"; };
		CBB3289B2064B2C20029029E /* d_shenshou@3x.png */ = {isa = PBXFileReference; lastKnownFileType = image.png; path = "d_shenshou@3x.png"; sourceTree = "<group>"; };
		CBB3289C2064B2C20029029E /* d_heiheihei@3x.png */ = {isa = PBXFileReference; lastKnownFileType = image.png; path = "d_heiheihei@3x.png"; sourceTree = "<group>"; };
		CBB3289D2064B2C20029029E /* d_dahaqi@3x.png */ = {isa = PBXFileReference; lastKnownFileType = image.png; path = "d_dahaqi@3x.png"; sourceTree = "<group>"; };
		CBB3289E2064B2C20029029E /* d_tu@3x.png */ = {isa = PBXFileReference; lastKnownFileType = image.png; path = "d_tu@3x.png"; sourceTree = "<group>"; };
		CBB3289F2064B2C20029029E /* d_hehe@3x.png */ = {isa = PBXFileReference; lastKnownFileType = image.png; path = "d_hehe@3x.png"; sourceTree = "<group>"; };
		CBB328A02064B2C30029029E /* d_keai@3x.png */ = {isa = PBXFileReference; lastKnownFileType = image.png; path = "d_keai@3x.png"; sourceTree = "<group>"; };
		CBB328A12064B2C30029029E /* d_shayan@3x.png */ = {isa = PBXFileReference; lastKnownFileType = image.png; path = "d_shayan@3x.png"; sourceTree = "<group>"; };
		CBB328A22064B2C30029029E /* f_shenma@3x.png */ = {isa = PBXFileReference; lastKnownFileType = image.png; path = "f_shenma@3x.png"; sourceTree = "<group>"; };
		CBB328A32064B2C30029029E /* h_ye@3x.png */ = {isa = PBXFileReference; lastKnownFileType = image.png; path = "h_ye@3x.png"; sourceTree = "<group>"; };
		CBB328A42064B2C30029029E /* d_shuai@3x.png */ = {isa = PBXFileReference; lastKnownFileType = image.png; path = "d_shuai@3x.png"; sourceTree = "<group>"; };
		CBB328A52064B2C40029029E /* f_zhi@3x.png */ = {isa = PBXFileReference; lastKnownFileType = image.png; path = "f_zhi@3x.png"; sourceTree = "<group>"; };
		CBB328A62064B2C40029029E /* f_hufen@3x.png */ = {isa = PBXFileReference; lastKnownFileType = image.png; path = "f_hufen@3x.png"; sourceTree = "<group>"; };
		CBB328A72064B2C40029029E /* o_dangao@3x.png */ = {isa = PBXFileReference; lastKnownFileType = image.png; path = "o_dangao@3x.png"; sourceTree = "<group>"; };
		CBB328A82064B2C40029029E /* d_guzhang@3x.png */ = {isa = PBXFileReference; lastKnownFileType = image.png; path = "d_guzhang@3x.png"; sourceTree = "<group>"; };
		CBB328A92064B2C40029029E /* d_erha@3x.png */ = {isa = PBXFileReference; lastKnownFileType = image.png; path = "d_erha@3x.png"; sourceTree = "<group>"; };
		CBB328AA2064B2C40029029E /* o_yinyue@3x.png */ = {isa = PBXFileReference; lastKnownFileType = image.png; path = "o_yinyue@3x.png"; sourceTree = "<group>"; };
		CBB328AB2064B2C50029029E /* d_yun@3x.png */ = {isa = PBXFileReference; lastKnownFileType = image.png; path = "d_yun@3x.png"; sourceTree = "<group>"; };
		CBB328AC2064B2C50029029E /* d_xiaoku@3x.png */ = {isa = PBXFileReference; lastKnownFileType = image.png; path = "d_xiaoku@3x.png"; sourceTree = "<group>"; };
		CBB328AD2064B2C50029029E /* h_quantou@3x.png */ = {isa = PBXFileReference; lastKnownFileType = image.png; path = "h_quantou@3x.png"; sourceTree = "<group>"; };
		CBB328AE2064B2C50029029E /* h_zuoyi@3x.png */ = {isa = PBXFileReference; lastKnownFileType = image.png; path = "h_zuoyi@3x.png"; sourceTree = "<group>"; };
		CBB328AF2064B2C50029029E /* f_v5@2x.png */ = {isa = PBXFileReference; lastKnownFileType = image.png; path = "f_v5@2x.png"; sourceTree = "<group>"; };
		CBB328B02064B2C50029029E /* d_tuzi@3x.png */ = {isa = PBXFileReference; lastKnownFileType = image.png; path = "d_tuzi@3x.png"; sourceTree = "<group>"; };
		CBB328B12064B2C60029029E /* w_weifeng@3x.png */ = {isa = PBXFileReference; lastKnownFileType = image.png; path = "w_weifeng@3x.png"; sourceTree = "<group>"; };
		CBB328B22064B2C60029029E /* d_bingbujiandan@3x.png */ = {isa = PBXFileReference; lastKnownFileType = image.png; path = "d_bingbujiandan@3x.png"; sourceTree = "<group>"; };
		CBB328B32064B2C60029029E /* d_kulou@3x.png */ = {isa = PBXFileReference; lastKnownFileType = image.png; path = "d_kulou@3x.png"; sourceTree = "<group>"; };
		CBB328B42064B2C60029029E /* w_xianhua@3x.png */ = {isa = PBXFileReference; lastKnownFileType = image.png; path = "w_xianhua@3x.png"; sourceTree = "<group>"; };
		CBB328B52064B2C60029029E /* d_chijing@3x.png */ = {isa = PBXFileReference; lastKnownFileType = image.png; path = "d_chijing@3x.png"; sourceTree = "<group>"; };
		CBB328B62064B2C70029029E /* d_madaochenggong@2x.png */ = {isa = PBXFileReference; lastKnownFileType = image.png; path = "d_madaochenggong@2x.png"; sourceTree = "<group>"; };
		CBB328B72064B2C70029029E /* d_lang@3x.png */ = {isa = PBXFileReference; lastKnownFileType = image.png; path = "d_lang@3x.png"; sourceTree = "<group>"; };
		CBB328B82064B2C70029029E /* d_nvhaier@3x.png */ = {isa = PBXFileReference; lastKnownFileType = image.png; path = "d_nvhaier@3x.png"; sourceTree = "<group>"; };
		CBB328B92064B2C70029029E /* EmotionsInfo.plist */ = {isa = PBXFileReference; fileEncoding = 4; lastKnownFileType = text.plist.xml; path = EmotionsInfo.plist; sourceTree = "<group>"; };
		CBB328BA2064B2C80029029E /* d_zhutou@3x.png */ = {isa = PBXFileReference; lastKnownFileType = image.png; path = "d_zhutou@3x.png"; sourceTree = "<group>"; };
		CBB328BB2064B2C80029029E /* d_xu@3x.png */ = {isa = PBXFileReference; lastKnownFileType = image.png; path = "d_xu@3x.png"; sourceTree = "<group>"; };
		CBB328BC2064B2C80029029E /* d_heng@3x.png */ = {isa = PBXFileReference; lastKnownFileType = image.png; path = "d_heng@3x.png"; sourceTree = "<group>"; };
		CBB328BD2064B2C80029029E /* d_lei@3x.png */ = {isa = PBXFileReference; lastKnownFileType = image.png; path = "d_lei@3x.png"; sourceTree = "<group>"; };
		CBB328BE2064B2C80029029E /* d_zuohengheng@3x.png */ = {isa = PBXFileReference; lastKnownFileType = image.png; path = "d_zuohengheng@3x.png"; sourceTree = "<group>"; };
		CBB328BF2064B2C80029029E /* h_buyao@3x.png */ = {isa = PBXFileReference; lastKnownFileType = image.png; path = "h_buyao@3x.png"; sourceTree = "<group>"; };
		CBB328C02064B2C80029029E /* d_han@3x.png */ = {isa = PBXFileReference; lastKnownFileType = image.png; path = "d_han@3x.png"; sourceTree = "<group>"; };
		CBB328C12064B2C80029029E /* d_feizao@3x.png */ = {isa = PBXFileReference; lastKnownFileType = image.png; path = "d_feizao@3x.png"; sourceTree = "<group>"; };
		CBB328C22064B2C80029029E /* d_wabishi@3x.png */ = {isa = PBXFileReference; lastKnownFileType = image.png; path = "d_wabishi@3x.png"; sourceTree = "<group>"; };
		CBB328C32064B2C80029029E /* w_fuyun@3x.png */ = {isa = PBXFileReference; lastKnownFileType = image.png; path = "w_fuyun@3x.png"; sourceTree = "<group>"; };
		CBB3293D2064B3780029029E /* KLEmotion.swift */ = {isa = PBXFileReference; lastKnownFileType = sourcecode.swift; path = KLEmotion.swift; sourceTree = "<group>"; };
		CBB3293F2064B4140029029E /* KLEmotionManager.swift */ = {isa = PBXFileReference; lastKnownFileType = sourcecode.swift; path = KLEmotionManager.swift; sourceTree = "<group>"; };
		EA24B825A2206FC1EAE2A904 /* Pods_WeiBo.framework */ = {isa = PBXFileReference; explicitFileType = wrapper.framework; includeInIndex = 0; path = Pods_WeiBo.framework; sourceTree = BUILT_PRODUCTS_DIR; };
/* End PBXFileReference section */

/* Begin PBXFrameworksBuildPhase section */
		CBB327C82060E6900029029E /* Frameworks */ = {
			isa = PBXFrameworksBuildPhase;
			buildActionMask = 2147483647;
			files = (
				A70D5E9C454A5D03139BA118 /* Pods_WeiBo.framework in Frameworks */,
			);
			runOnlyForDeploymentPostprocessing = 0;
		};
/* End PBXFrameworksBuildPhase section */

/* Begin PBXGroup section */
		7E99CB26B318C8D07A661BD6 /* Pods */ = {
			isa = PBXGroup;
			children = (
				58973CE62798931C7E9C902E /* Pods-WeiBo.debug.xcconfig */,
				7611CDE66577849B3F17A549 /* Pods-WeiBo.release.xcconfig */,
			);
			name = Pods;
			sourceTree = "<group>";
		};
		CAADBE8281AF4E02F31A7A3D /* Frameworks */ = {
			isa = PBXGroup;
			children = (
				EA24B825A2206FC1EAE2A904 /* Pods_WeiBo.framework */,
			);
			name = Frameworks;
			sourceTree = "<group>";
		};
		CBB327C22060E6900029029E = {
			isa = PBXGroup;
			children = (
				CBB327CD2060E6910029029E /* WeiBo */,
				CBB327CC2060E6910029029E /* Products */,
				7E99CB26B318C8D07A661BD6 /* Pods */,
				CAADBE8281AF4E02F31A7A3D /* Frameworks */,
			);
			sourceTree = "<group>";
		};
		CBB327CC2060E6910029029E /* Products */ = {
			isa = PBXGroup;
			children = (
				CBB327CB2060E6910029029E /* WeiBo.app */,
			);
			name = Products;
			sourceTree = "<group>";
		};
		CBB327CD2060E6910029029E /* WeiBo */ = {
			isa = PBXGroup;
			children = (
				CBB3284A2064B2A00029029E /* Resource */,
				CBB327EA2060E75C0029029E /* Base */,
				CBB327E02060E6C40029029E /* Home */,
				CBB327E62060E6C40029029E /* Network */,
				CBB327E52060E6C40029029E /* Tool */,
				CBB327D52060E6910029029E /* Assets.xcassets */,
				CBB327D72060E6910029029E /* LaunchScreen.storyboard */,
				CBB327DA2060E6910029029E /* Info.plist */,
			);
			path = WeiBo;
			sourceTree = "<group>";
		};
		CBB327E02060E6C40029029E /* Home */ = {
			isa = PBXGroup;
			children = (
				CBB327E12060E6C40029029E /* Controller */,
				CBB327E32060E6C40029029E /* Model */,
				CBB327E42060E6C40029029E /* View */,
			);
			path = Home;
			sourceTree = "<group>";
		};
		CBB327E12060E6C40029029E /* Controller */ = {
			isa = PBXGroup;
			children = (
				CBB327E22060E6C40029029E /* KLHomeViewController.swift */,
			);
			path = Controller;
			sourceTree = "<group>";
		};
		CBB327E32060E6C40029029E /* Model */ = {
			isa = PBXGroup;
			children = (
				CBB327F52060F2DE0029029E /* KLStatusesModel.swift */,
				CBB3280F2063D79C0029029E /* KLUserModel.swift */,
				CBB328112063D7AC0029029E /* KLCTFrameModel.swift */,
				CBB328132063D7F70029029E /* KLPartModel.swift */,
				CBB3293D2064B3780029029E /* KLEmotion.swift */,
			);
			path = Model;
			sourceTree = "<group>";
		};
		CBB327E42060E6C40029029E /* View */ = {
			isa = PBXGroup;
			children = (
				CBB327FB20623AE80029029E /* KLHomeTableView.swift */,
				CBB327FD20623B470029029E /* KLHomeTableViewCell.swift */,
				CBB327FF206253720029029E /* KLAvatarView.swift */,
				CBB3280120626D7C0029029E /* KLSimpleTextView.swift */,
				CBB328482063FFA70029029E /* KLContentTextView.swift */,
			);
			path = View;
			sourceTree = "<group>";
		};
		CBB327E52060E6C40029029E /* Tool */ = {
			isa = PBXGroup;
			children = (
				CBB327F9206208610029029E /* KL_String+Range.swift */,
				CBB328052062A9E30029029E /* KL_Date+.swift */,
				CBB3280320627CA50029029E /* KLCTFrameManager.swift */,
				CBB3280720635F710029029E /* KLUIView+.swift */,
				CBB3280D2063AA630029029E /* RegularExpressionTool.swift */,
				CBB3293F2064B4140029029E /* KLEmotionManager.swift */,
			);
			path = Tool;
			sourceTree = "<group>";
		};
		CBB327E62060E6C40029029E /* Network */ = {
			isa = PBXGroup;
			children = (
				CBB327E72060E6C40029029E /* KLNetworkEngine.swift */,
			);
			path = Network;
			sourceTree = "<group>";
		};
		CBB327EA2060E75C0029029E /* Base */ = {
			isa = PBXGroup;
			children = (
				CBB327EB2060E75C0029029E /* AppDelegate.swift */,
				CBB327EC2060E75C0029029E /* KLBaseViewController.swift */,
				CBB327ED2060E75C0029029E /* KLCommon.swift */,
				CBB327EE2060E75C0029029E /* KLNavigationController.swift */,
				CBB327EF2060E75C0029029E /* KLTabBarController.swift */,
			);
			path = Base;
			sourceTree = "<group>";
		};
		CBB3284A2064B2A00029029E /* Resource */ = {
			isa = PBXGroup;
			children = (
				CBB328732064B2BA0029029E /* composer_halfrating_icon@3x.png */,
				CBB3288C2064B2BF0029029E /* composer_rating_icon_highlighted@3x.png */,
				CBB3288F2064B2C00029029E /* d_aini@3x.png */,
				CBB328672064B2B80029029E /* d_aoteman@3x.png */,
				CBB3286D2064B2B90029029E /* d_baibai@3x.png */,
				CBB328532064B2B50029029E /* d_baobao@3x.png */,
				CBB328542064B2B50029029E /* d_beishang@3x.png */,
				CBB328B22064B2C60029029E /* d_bingbujiandan@3x.png */,
				CBB328962064B2C10029029E /* d_bishi@3x.png */,
				CBB328502064B2B50029029E /* d_bizui@3x.png */,
				CBB3288A2064B2BF0029029E /* d_chanzui@3x.png */,
				CBB328B52064B2C60029029E /* d_chijing@3x.png */,
				CBB3289D2064B2C20029029E /* d_dahaqi@3x.png */,
				CBB328742064B2BA0029029E /* d_dalian@3x.png */,
				CBB328642064B2B70029029E /* d_ding@3x.png */,
				CBB3288E2064B2C00029029E /* d_doge@3x.png */,
				CBB328A92064B2C40029029E /* d_erha@3x.png */,
				CBB328662064B2B80029029E /* d_feijie@3x.png */,
				CBB328C12064B2C80029029E /* d_feizao@3x.png */,
				CBB328862064B2BE0029029E /* d_ganmao@3x.png */,
				CBB328A82064B2C40029029E /* d_guzhang@3x.png */,
				CBB328792064B2BB0029029E /* d_haha@3x.png */,
				CBB3287F2064B2BD0029029E /* d_haixiu@3x.png */,
				CBB328C02064B2C80029029E /* d_han@3x.png */,
				CBB3289F2064B2C20029029E /* d_hehe@3x.png */,
				CBB3289C2064B2C20029029E /* d_heiheihei@3x.png */,
				CBB328832064B2BD0029029E /* d_heixian@3x.png */,
				CBB328BC2064B2C80029029E /* d_heng@3x.png */,
				CBB328692064B2B80029029E /* d_huaixiao@3x.png */,
				CBB328952064B2C10029029E /* d_huaxin@3x.png */,
				CBB3284E2064B2B40029029E /* d_jiyan@3x.png */,
				CBB328A02064B2C30029029E /* d_keai@3x.png */,
				CBB3287D2064B2BC0029029E /* d_kelian@3x.png */,
				CBB3284C2064B2B40029029E /* d_ku@3x.png */,
				CBB328B32064B2C60029029E /* d_kulou@3x.png */,
				CBB328992064B2C10029029E /* d_kun@3x.png */,
				CBB328872064B2BE0029029E /* d_landelini@3x.png */,
				CBB328B72064B2C70029029E /* d_lang@3x.png */,
				CBB328BD2064B2C80029029E /* d_lei@3x.png */,
				CBB328B62064B2C70029029E /* d_madaochenggong@2x.png */,
				CBB3287C2064B2BC0029029E /* d_miao@3x.png */,
				CBB328572064B2B50029029E /* d_nanhaier@3x.png */,
				CBB328942064B2C10029029E /* d_nu@3x.png */,
				CBB328802064B2BD0029029E /* d_numa@3x.png */,
				CBB328B82064B2C70029029E /* d_nvhaier@3x.png */,
				CBB328922064B2C00029029E /* d_qian@3x.png */,
				CBB328982064B2C10029029E /* d_qinqin@3x.png */,
				CBB328A12064B2C30029029E /* d_shayan@3x.png */,
				CBB328852064B2BE0029029E /* d_shengbing@3x.png */,
				CBB3289B2064B2C20029029E /* d_shenshou@3x.png */,
				CBB328712064B2BA0029029E /* d_shiwang@3x.png */,
				CBB328A42064B2C30029029E /* d_shuai@3x.png */,
				CBB328562064B2B50029029E /* d_shuijiao@3x.png */,
				CBB328762064B2BB0029029E /* d_sikao@3x.png */,
				CBB3288D2064B2BF0029029E /* d_taikaixin@3x.png */,
				CBB328682064B2B80029029E /* d_tanshou@3x.png */,
				CBB328752064B2BB0029029E /* d_tian@3x.png */,
				CBB328812064B2BD0029029E /* d_touxiao@3x.png */,
				CBB3289E2064B2C20029029E /* d_tu@3x.png */,
				CBB328B02064B2C50029029E /* d_tuzi@3x.png */,
				CBB328C22064B2C80029029E /* d_wabishi@3x.png */,
				CBB328772064B2BB0029029E /* d_weiqu@3x.png */,
				CBB328602064B2B70029029E /* d_wu@3x.png */,
				CBB328AC2064B2C50029029E /* d_xiaoku@3x.png */,
				CBB328702064B2BA0029029E /* d_xingxingyan@3x.png */,
				CBB328552064B2B50029029E /* d_xiongmao@3x.png */,
				CBB3284D2064B2B40029029E /* d_xixi@3x.png */,
				CBB328BB2064B2C80029029E /* d_xu@3x.png */,
				CBB328512064B2B50029029E /* d_yinxian@3x.png */,
				CBB328892064B2BF0029029E /* d_yiwen@3x.png */,
				CBB328782064B2BB0029029E /* d_youhengheng@3x.png */,
				CBB328AB2064B2C50029029E /* d_yun@3x.png */,
				CBB3289A2064B2C20029029E /* d_yunbei@3x.png */,
				CBB3285F2064B2B70029029E /* d_zhajipijiu@2x.png */,
				CBB3285C2064B2B60029029E /* d_zhuakuang@3x.png */,
				CBB328BA2064B2C80029029E /* d_zhutou@3x.png */,
				CBB3285B2064B2B60029029E /* d_zuiyou@3x.png */,
				CBB328BE2064B2C80029029E /* d_zuohengheng@3x.png */,
				CBB328B92064B2C70029029E /* EmotionsInfo.plist */,
				CBB3286B2064B2B90029029E /* f_geili@3x.png */,
				CBB328A62064B2C40029029E /* f_hufen@3x.png */,
				CBB3286A2064B2B80029029E /* f_jiong@3x.png */,
				CBB3287E2064B2BD0029029E /* f_meng@3x.png */,
				CBB328A22064B2C30029029E /* f_shenma@3x.png */,
				CBB328AF2064B2C50029029E /* f_v5@2x.png */,
				CBB3286C2064B2B90029029E /* f_v5@3x.png */,
				CBB328882064B2BE0029029E /* f_xi@3x.png */,
				CBB328A52064B2C40029029E /* f_zhi@3x.png */,
				CBB328BF2064B2C80029029E /* h_buyao@3x.png */,
				CBB328522064B2B50029029E /* h_good@3x.png */,
				CBB328582064B2B50029029E /* h_haha@3x.png */,
				CBB328652064B2B80029029E /* h_jiayou@3x.png */,
				CBB3284B2064B2B40029029E /* h_lai@3x.png */,
				CBB328612064B2B70029029E /* h_ok@3x.png */,
				CBB328AD2064B2C50029029E /* h_quantou@3x.png */,
				CBB3287B2064B2BC0029029E /* h_ruo@3x.png */,
				CBB328932064B2C00029029E /* h_woshou@3x.png */,
				CBB328A32064B2C30029029E /* h_ye@3x.png */,
				CBB3285E2064B2B70029029E /* h_zan@3x.png */,
				CBB328AE2064B2C50029029E /* h_zuoyi@3x.png */,
				CBB328822064B2BD0029029E /* l_shangxin@3x.png */,
				CBB3288B2064B2BF0029029E /* l_xin@3x.png */,
				CBB328A72064B2C40029029E /* o_dangao@3x.png */,
				CBB328902064B2C00029029E /* o_feiji@3x.png */,
				CBB3286E2064B2B90029029E /* o_ganbei@3x.png */,
				CBB328912064B2C00029029E /* o_huatong@3x.png */,
				CBB3285D2064B2B60029029E /* o_lazhu@3x.png */,
				CBB328592064B2B60029029E /* o_liwu@3x.png */,
				CBB3287A2064B2BC0029029E /* o_lvsidai@3x.png */,
				CBB328722064B2BA0029029E /* o_weibo@3x.png */,
				CBB3284F2064B2B40029029E /* o_weiguan@3x.png */,
				CBB328AA2064B2C40029029E /* o_yinyue@3x.png */,
				CBB3286F2064B2BA0029029E /* o_zhaoxiangji@3x.png */,
				CBB328842064B2BE0029029E /* o_zhong@3x.png */,
				CBB328C32064B2C80029029E /* w_fuyun@3x.png */,
				CBB3285A2064B2B60029029E /* w_shachenbao@3x.png */,
				CBB328622064B2B70029029E /* w_taiyang@3x.png */,
				CBB328B12064B2C60029029E /* w_weifeng@3x.png */,
				CBB328B42064B2C60029029E /* w_xianhua@3x.png */,
				CBB328972064B2C10029029E /* w_xiayu@3x.png */,
				CBB328632064B2B70029029E /* w_yueliang@3x.png */,
			);
			path = Resource;
			sourceTree = "<group>";
		};
/* End PBXGroup section */

/* Begin PBXNativeTarget section */
		CBB327CA2060E6900029029E /* WeiBo */ = {
			isa = PBXNativeTarget;
			buildConfigurationList = CBB327DD2060E6910029029E /* Build configuration list for PBXNativeTarget "WeiBo" */;
			buildPhases = (
				7B59E893CF23644ED4B30306 /* [CP] Check Pods Manifest.lock */,
				CBB327C72060E6900029029E /* Sources */,
				CBB327C82060E6900029029E /* Frameworks */,
				CBB327C92060E6900029029E /* Resources */,
				0C6825477D89F847A868EC7B /* [CP] Embed Pods Frameworks */,
				27F9AA87C2690752C1127473 /* [CP] Copy Pods Resources */,
			);
			buildRules = (
			);
			dependencies = (
			);
			name = WeiBo;
			productName = WeiBo;
			productReference = CBB327CB2060E6910029029E /* WeiBo.app */;
			productType = "com.apple.product-type.application";
		};
/* End PBXNativeTarget section */

/* Begin PBXProject section */
		CBB327C32060E6900029029E /* Project object */ = {
			isa = PBXProject;
			attributes = {
				LastSwiftUpdateCheck = 0920;
				LastUpgradeCheck = 0920;
				ORGANIZATIONNAME = Karl;
				TargetAttributes = {
					CBB327CA2060E6900029029E = {
						CreatedOnToolsVersion = 9.2;
						ProvisioningStyle = Automatic;
					};
				};
			};
			buildConfigurationList = CBB327C62060E6900029029E /* Build configuration list for PBXProject "WeiBo" */;
			compatibilityVersion = "Xcode 8.0";
			developmentRegion = en;
			hasScannedForEncodings = 0;
			knownRegions = (
				en,
				Base,
			);
			mainGroup = CBB327C22060E6900029029E;
			productRefGroup = CBB327CC2060E6910029029E /* Products */;
			projectDirPath = "";
			projectRoot = "";
			targets = (
				CBB327CA2060E6900029029E /* WeiBo */,
			);
		};
/* End PBXProject section */

/* Begin PBXResourcesBuildPhase section */
		CBB327C92060E6900029029E /* Resources */ = {
			isa = PBXResourcesBuildPhase;
			buildActionMask = 2147483647;
			files = (
				CBB329112064B2C80029029E /* d_qinqin@3x.png in Resources */,
				CBB328F42064B2C80029029E /* h_ruo@3x.png in Resources */,
				CBB329042064B2C80029029E /* l_xin@3x.png in Resources */,
				CBB328EB2064B2C80029029E /* o_weibo@3x.png in Resources */,
				CBB328E22064B2C80029029E /* d_huaixiao@3x.png in Resources */,
				CBB329212064B2C80029029E /* d_guzhang@3x.png in Resources */,
				CBB328D22064B2C80029029E /* o_liwu@3x.png in Resources */,
				CBB328E32064B2C80029029E /* f_jiong@3x.png in Resources */,
				CBB328CF2064B2C80029029E /* d_shuijiao@3x.png in Resources */,
				CBB328ED2064B2C80029029E /* d_dalian@3x.png in Resources */,
				CBB3290F2064B2C80029029E /* d_bishi@3x.png in Resources */,
				CBB328D82064B2C80029029E /* d_zhajipijiu@2x.png in Resources */,
				CBB3291C2064B2C80029029E /* h_ye@3x.png in Resources */,
				CBB328E52064B2C80029029E /* f_v5@3x.png in Resources */,
				CBB328E02064B2C80029029E /* d_aoteman@3x.png in Resources */,
				CBB329242064B2C80029029E /* d_yun@3x.png in Resources */,
				CBB328FB2064B2C80029029E /* l_shangxin@3x.png in Resources */,
				CBB328FF2064B2C80029029E /* d_ganmao@3x.png in Resources */,
				CBB3290B2064B2C80029029E /* d_qian@3x.png in Resources */,
				CBB328C52064B2C80029029E /* d_ku@3x.png in Resources */,
				CBB328EA2064B2C80029029E /* d_shiwang@3x.png in Resources */,
				CBB328D32064B2C80029029E /* w_shachenbao@3x.png in Resources */,
				CBB329012064B2C80029029E /* f_xi@3x.png in Resources */,
				CBB329362064B2C90029029E /* d_lei@3x.png in Resources */,
				CBB3293A2064B2C90029029E /* d_feizao@3x.png in Resources */,
				CBB3291F2064B2C80029029E /* f_hufen@3x.png in Resources */,
				CBB329092064B2C80029029E /* o_feiji@3x.png in Resources */,
				CBB329272064B2C80029029E /* h_zuoyi@3x.png in Resources */,
				CBB329232064B2C80029029E /* o_yinyue@3x.png in Resources */,
				CBB329152064B2C80029029E /* d_heiheihei@3x.png in Resources */,
				CBB328F62064B2C80029029E /* d_kelian@3x.png in Resources */,
				CBB3292F2064B2C90029029E /* d_madaochenggong@2x.png in Resources */,
				CBB328FA2064B2C80029029E /* d_touxiao@3x.png in Resources */,
				CBB328EF2064B2C80029029E /* d_sikao@3x.png in Resources */,
				CBB329202064B2C80029029E /* o_dangao@3x.png in Resources */,
				CBB328F72064B2C80029029E /* f_meng@3x.png in Resources */,
				CBB328E92064B2C80029029E /* d_xingxingyan@3x.png in Resources */,
				CBB3293C2064B2C90029029E /* w_fuyun@3x.png in Resources */,
				CBB329342064B2C90029029E /* d_xu@3x.png in Resources */,
				CBB329082064B2C80029029E /* d_aini@3x.png in Resources */,
				CBB328F02064B2C80029029E /* d_weiqu@3x.png in Resources */,
				CBB328FC2064B2C80029029E /* d_heixian@3x.png in Resources */,
				CBB328E62064B2C80029029E /* d_baibai@3x.png in Resources */,
				CBB328CC2064B2C80029029E /* d_baobao@3x.png in Resources */,
				CBB3292B2064B2C90029029E /* d_bingbujiandan@3x.png in Resources */,
				CBB3292C2064B2C90029029E /* d_kulou@3x.png in Resources */,
				CBB329192064B2C80029029E /* d_keai@3x.png in Resources */,
				CBB328E72064B2C80029029E /* o_ganbei@3x.png in Resources */,
				CBB3290A2064B2C80029029E /* o_huatong@3x.png in Resources */,
				CBB3291E2064B2C80029029E /* f_zhi@3x.png in Resources */,
				CBB328FD2064B2C80029029E /* o_zhong@3x.png in Resources */,
				CBB328E42064B2C80029029E /* f_geili@3x.png in Resources */,
				CBB329142064B2C80029029E /* d_shenshou@3x.png in Resources */,
				CBB329252064B2C80029029E /* d_xiaoku@3x.png in Resources */,
				CBB329282064B2C80029029E /* f_v5@2x.png in Resources */,
				CBB329002064B2C80029029E /* d_landelini@3x.png in Resources */,
				CBB329382064B2C90029029E /* h_buyao@3x.png in Resources */,
				CBB329322064B2C90029029E /* EmotionsInfo.plist in Resources */,
				CBB328DF2064B2C80029029E /* d_feijie@3x.png in Resources */,
				CBB3290D2064B2C80029029E /* d_nu@3x.png in Resources */,
				CBB328CA2064B2C80029029E /* d_yinxian@3x.png in Resources */,
				CBB328D12064B2C80029029E /* h_haha@3x.png in Resources */,
				CBB328F12064B2C80029029E /* d_youhengheng@3x.png in Resources */,
				CBB328FE2064B2C80029029E /* d_shengbing@3x.png in Resources */,
				CBB329352064B2C90029029E /* d_heng@3x.png in Resources */,
				CBB329182064B2C80029029E /* d_hehe@3x.png in Resources */,
				CBB328D92064B2C80029029E /* d_wu@3x.png in Resources */,
				CBB328E82064B2C80029029E /* o_zhaoxiangji@3x.png in Resources */,
				CBB328EE2064B2C80029029E /* d_tian@3x.png in Resources */,
				CBB328D42064B2C80029029E /* d_zuiyou@3x.png in Resources */,
				CBB329392064B2C90029029E /* d_han@3x.png in Resources */,
				CBB328DC2064B2C80029029E /* w_yueliang@3x.png in Resources */,
				CBB3290C2064B2C80029029E /* h_woshou@3x.png in Resources */,
				CBB329032064B2C80029029E /* d_chanzui@3x.png in Resources */,
				CBB329072064B2C80029029E /* d_doge@3x.png in Resources */,
				CBB329122064B2C80029029E /* d_kun@3x.png in Resources */,
				CBB328F22064B2C80029029E /* d_haha@3x.png in Resources */,
				CBB328C82064B2C80029029E /* o_weiguan@3x.png in Resources */,
				CBB329332064B2C90029029E /* d_zhutou@3x.png in Resources */,
				CBB328CB2064B2C80029029E /* h_good@3x.png in Resources */,
				CBB329222064B2C80029029E /* d_erha@3x.png in Resources */,
				CBB328C92064B2C80029029E /* d_bizui@3x.png in Resources */,
				CBB328CE2064B2C80029029E /* d_xiongmao@3x.png in Resources */,
				CBB3291B2064B2C80029029E /* f_shenma@3x.png in Resources */,
				CBB329022064B2C80029029E /* d_yiwen@3x.png in Resources */,
				CBB327D92060E6910029029E /* LaunchScreen.storyboard in Resources */,
				CBB328D62064B2C80029029E /* o_lazhu@3x.png in Resources */,
				CBB328E12064B2C80029029E /* d_tanshou@3x.png in Resources */,
				CBB3292D2064B2C90029029E /* w_xianhua@3x.png in Resources */,
				CBB329132064B2C80029029E /* d_yunbei@3x.png in Resources */,
				CBB328D52064B2C80029029E /* d_zhuakuang@3x.png in Resources */,
				CBB328CD2064B2C80029029E /* d_beishang@3x.png in Resources */,
				CBB3290E2064B2C80029029E /* d_huaxin@3x.png in Resources */,
				CBB3293B2064B2C90029029E /* d_wabishi@3x.png in Resources */,
				CBB328C62064B2C80029029E /* d_xixi@3x.png in Resources */,
				CBB329302064B2C90029029E /* d_lang@3x.png in Resources */,
				CBB329052064B2C80029029E /* composer_rating_icon_highlighted@3x.png in Resources */,
				CBB329292064B2C80029029E /* d_tuzi@3x.png in Resources */,
				CBB328DD2064B2C80029029E /* d_ding@3x.png in Resources */,
				CBB328DE2064B2C80029029E /* h_jiayou@3x.png in Resources */,
				CBB328D02064B2C80029029E /* d_nanhaier@3x.png in Resources */,
				CBB328DA2064B2C80029029E /* h_ok@3x.png in Resources */,
				CBB328F52064B2C80029029E /* d_miao@3x.png in Resources */,
				CBB3291D2064B2C80029029E /* d_shuai@3x.png in Resources */,
				CBB328D72064B2C80029029E /* h_zan@3x.png in Resources */,
				CBB329102064B2C80029029E /* w_xiayu@3x.png in Resources */,
				CBB328F32064B2C80029029E /* o_lvsidai@3x.png in Resources */,
				CBB328EC2064B2C80029029E /* composer_halfrating_icon@3x.png in Resources */,
				CBB328C42064B2C80029029E /* h_lai@3x.png in Resources */,
				CBB328F82064B2C80029029E /* d_haixiu@3x.png in Resources */,
				CBB329372064B2C90029029E /* d_zuohengheng@3x.png in Resources */,
				CBB3292E2064B2C90029029E /* d_chijing@3x.png in Resources */,
				CBB329262064B2C80029029E /* h_quantou@3x.png in Resources */,
				CBB3292A2064B2C90029029E /* w_weifeng@3x.png in Resources */,
				CBB328DB2064B2C80029029E /* w_taiyang@3x.png in Resources */,
				CBB329062064B2C80029029E /* d_taikaixin@3x.png in Resources */,
				CBB328C72064B2C80029029E /* d_jiyan@3x.png in Resources */,
				CBB329162064B2C80029029E /* d_dahaqi@3x.png in Resources */,
				CBB3291A2064B2C80029029E /* d_shayan@3x.png in Resources */,
				CBB329172064B2C80029029E /* d_tu@3x.png in Resources */,
				CBB327D62060E6910029029E /* Assets.xcassets in Resources */,
				CBB329312064B2C90029029E /* d_nvhaier@3x.png in Resources */,
				CBB328F92064B2C80029029E /* d_numa@3x.png in Resources */,
			);
			runOnlyForDeploymentPostprocessing = 0;
		};
/* End PBXResourcesBuildPhase section */

/* Begin PBXShellScriptBuildPhase section */
		0C6825477D89F847A868EC7B /* [CP] Embed Pods Frameworks */ = {
			isa = PBXShellScriptBuildPhase;
			buildActionMask = 2147483647;
			files = (
			);
			inputPaths = (
				"${SRCROOT}/Pods/Target Support Files/Pods-WeiBo/Pods-WeiBo-frameworks.sh",
				"${BUILT_PRODUCTS_DIR}/Alamofire/Alamofire.framework",
				"${BUILT_PRODUCTS_DIR}/Kingfisher/Kingfisher.framework",
				"${BUILT_PRODUCTS_DIR}/SwiftyJSON/SwiftyJSON.framework",
				"${PODS_ROOT}/WoodPeckeriOS/WoodPeckeriOS.framework",
			);
			name = "[CP] Embed Pods Frameworks";
			outputPaths = (
				"${TARGET_BUILD_DIR}/${FRAMEWORKS_FOLDER_PATH}/Alamofire.framework",
				"${TARGET_BUILD_DIR}/${FRAMEWORKS_FOLDER_PATH}/Kingfisher.framework",
				"${TARGET_BUILD_DIR}/${FRAMEWORKS_FOLDER_PATH}/SwiftyJSON.framework",
				"${TARGET_BUILD_DIR}/${FRAMEWORKS_FOLDER_PATH}/WoodPeckeriOS.framework",
			);
			runOnlyForDeploymentPostprocessing = 0;
			shellPath = /bin/sh;
			shellScript = "\"${SRCROOT}/Pods/Target Support Files/Pods-WeiBo/Pods-WeiBo-frameworks.sh\"\n";
			showEnvVarsInLog = 0;
		};
		27F9AA87C2690752C1127473 /* [CP] Copy Pods Resources */ = {
			isa = PBXShellScriptBuildPhase;
			buildActionMask = 2147483647;
			files = (
			);
			inputPaths = (
			);
			name = "[CP] Copy Pods Resources";
			outputPaths = (
			);
			runOnlyForDeploymentPostprocessing = 0;
			shellPath = /bin/sh;
			shellScript = "\"${SRCROOT}/Pods/Target Support Files/Pods-WeiBo/Pods-WeiBo-resources.sh\"\n";
			showEnvVarsInLog = 0;
		};
		7B59E893CF23644ED4B30306 /* [CP] Check Pods Manifest.lock */ = {
			isa = PBXShellScriptBuildPhase;
			buildActionMask = 2147483647;
			files = (
			);
			inputPaths = (
				"${PODS_PODFILE_DIR_PATH}/Podfile.lock",
				"${PODS_ROOT}/Manifest.lock",
			);
			name = "[CP] Check Pods Manifest.lock";
			outputPaths = (
				"$(DERIVED_FILE_DIR)/Pods-WeiBo-checkManifestLockResult.txt",
			);
			runOnlyForDeploymentPostprocessing = 0;
			shellPath = /bin/sh;
			shellScript = "diff \"${PODS_PODFILE_DIR_PATH}/Podfile.lock\" \"${PODS_ROOT}/Manifest.lock\" > /dev/null\nif [ $? != 0 ] ; then\n    # print error to STDERR\n    echo \"error: The sandbox is not in sync with the Podfile.lock. Run 'pod install' or update your CocoaPods installation.\" >&2\n    exit 1\nfi\n# This output is used by Xcode 'outputs' to avoid re-running this script phase.\necho \"SUCCESS\" > \"${SCRIPT_OUTPUT_FILE_0}\"\n";
			showEnvVarsInLog = 0;
		};
/* End PBXShellScriptBuildPhase section */

/* Begin PBXSourcesBuildPhase section */
		CBB327C72060E6900029029E /* Sources */ = {
			isa = PBXSourcesBuildPhase;
			buildActionMask = 2147483647;
			files = (
				CBB327F02060E75C0029029E /* AppDelegate.swift in Sources */,
				CBB327E82060E6C40029029E /* KLHomeViewController.swift in Sources */,
				CBB3293E2064B3780029029E /* KLEmotion.swift in Sources */,
				CBB32800206253720029029E /* KLAvatarView.swift in Sources */,
				CBB327F32060E75C0029029E /* KLNavigationController.swift in Sources */,
				CBB328062062A9E30029029E /* KL_Date+.swift in Sources */,
				CBB3280820635F710029029E /* KLUIView+.swift in Sources */,
				CBB327FA206208610029029E /* KL_String+Range.swift in Sources */,
				CBB328142063D7F70029029E /* KLPartModel.swift in Sources */,
				CBB3280220626D7C0029029E /* KLSimpleTextView.swift in Sources */,
				CBB327FE20623B470029029E /* KLHomeTableViewCell.swift in Sources */,
				CBB3280E2063AA640029029E /* RegularExpressionTool.swift in Sources */,
				CBB327F12060E75C0029029E /* KLBaseViewController.swift in Sources */,
				CBB328492063FFA70029029E /* KLContentTextView.swift in Sources */,
				CBB327F62060F2DE0029029E /* KLStatusesModel.swift in Sources */,
				CBB328122063D7AC0029029E /* KLCTFrameModel.swift in Sources */,
				CBB327E92060E6C40029029E /* KLNetworkEngine.swift in Sources */,
				CBB328102063D79C0029029E /* KLUserModel.swift in Sources */,
				CBB327F42060E75C0029029E /* KLTabBarController.swift in Sources */,
				CBB3280420627CA60029029E /* KLCTFrameManager.swift in Sources */,
				CBB327F22060E75C0029029E /* KLCommon.swift in Sources */,
				CBB327FC20623AE90029029E /* KLHomeTableView.swift in Sources */,
				CBB329402064B4140029029E /* KLEmotionManager.swift in Sources */,
			);
			runOnlyForDeploymentPostprocessing = 0;
		};
/* End PBXSourcesBuildPhase section */

/* Begin PBXVariantGroup section */
		CBB327D72060E6910029029E /* LaunchScreen.storyboard */ = {
			isa = PBXVariantGroup;
			children = (
				CBB327D82060E6910029029E /* Base */,
			);
			name = LaunchScreen.storyboard;
			sourceTree = "<group>";
		};
/* End PBXVariantGroup section */

/* Begin XCBuildConfiguration section */
		CBB327DB2060E6910029029E /* Debug */ = {
			isa = XCBuildConfiguration;
			buildSettings = {
				ALWAYS_SEARCH_USER_PATHS = NO;
				CLANG_ANALYZER_NONNULL = YES;
				CLANG_ANALYZER_NUMBER_OBJECT_CONVERSION = YES_AGGRESSIVE;
				CLANG_CXX_LANGUAGE_STANDARD = "gnu++14";
				CLANG_CXX_LIBRARY = "libc++";
				CLANG_ENABLE_MODULES = YES;
				CLANG_ENABLE_OBJC_ARC = YES;
				CLANG_WARN_BLOCK_CAPTURE_AUTORELEASING = YES;
				CLANG_WARN_BOOL_CONVERSION = YES;
				CLANG_WARN_COMMA = YES;
				CLANG_WARN_CONSTANT_CONVERSION = YES;
				CLANG_WARN_DIRECT_OBJC_ISA_USAGE = YES_ERROR;
				CLANG_WARN_DOCUMENTATION_COMMENTS = YES;
				CLANG_WARN_EMPTY_BODY = YES;
				CLANG_WARN_ENUM_CONVERSION = YES;
				CLANG_WARN_INFINITE_RECURSION = YES;
				CLANG_WARN_INT_CONVERSION = YES;
				CLANG_WARN_NON_LITERAL_NULL_CONVERSION = YES;
				CLANG_WARN_OBJC_LITERAL_CONVERSION = YES;
				CLANG_WARN_OBJC_ROOT_CLASS = YES_ERROR;
				CLANG_WARN_RANGE_LOOP_ANALYSIS = YES;
				CLANG_WARN_STRICT_PROTOTYPES = YES;
				CLANG_WARN_SUSPICIOUS_MOVE = YES;
				CLANG_WARN_UNGUARDED_AVAILABILITY = YES_AGGRESSIVE;
				CLANG_WARN_UNREACHABLE_CODE = YES;
				CLANG_WARN__DUPLICATE_METHOD_MATCH = YES;
				CODE_SIGN_IDENTITY = "iPhone Developer";
				COPY_PHASE_STRIP = NO;
				DEBUG_INFORMATION_FORMAT = dwarf;
				ENABLE_STRICT_OBJC_MSGSEND = YES;
				ENABLE_TESTABILITY = YES;
				GCC_C_LANGUAGE_STANDARD = gnu11;
				GCC_DYNAMIC_NO_PIC = NO;
				GCC_NO_COMMON_BLOCKS = YES;
				GCC_OPTIMIZATION_LEVEL = 0;
				GCC_PREPROCESSOR_DEFINITIONS = (
					"DEBUG=1",
					"$(inherited)",
				);
				GCC_WARN_64_TO_32_BIT_CONVERSION = YES;
				GCC_WARN_ABOUT_RETURN_TYPE = YES_ERROR;
				GCC_WARN_UNDECLARED_SELECTOR = YES;
				GCC_WARN_UNINITIALIZED_AUTOS = YES_AGGRESSIVE;
				GCC_WARN_UNUSED_FUNCTION = YES;
				GCC_WARN_UNUSED_VARIABLE = YES;
				IPHONEOS_DEPLOYMENT_TARGET = 11.2;
				MTL_ENABLE_DEBUG_INFO = YES;
				ONLY_ACTIVE_ARCH = YES;
				SDKROOT = iphoneos;
				SWIFT_ACTIVE_COMPILATION_CONDITIONS = DEBUG;
				SWIFT_OPTIMIZATION_LEVEL = "-Onone";
			};
			name = Debug;
		};
		CBB327DC2060E6910029029E /* Release */ = {
			isa = XCBuildConfiguration;
			buildSettings = {
				ALWAYS_SEARCH_USER_PATHS = NO;
				CLANG_ANALYZER_NONNULL = YES;
				CLANG_ANALYZER_NUMBER_OBJECT_CONVERSION = YES_AGGRESSIVE;
				CLANG_CXX_LANGUAGE_STANDARD = "gnu++14";
				CLANG_CXX_LIBRARY = "libc++";
				CLANG_ENABLE_MODULES = YES;
				CLANG_ENABLE_OBJC_ARC = YES;
				CLANG_WARN_BLOCK_CAPTURE_AUTORELEASING = YES;
				CLANG_WARN_BOOL_CONVERSION = YES;
				CLANG_WARN_COMMA = YES;
				CLANG_WARN_CONSTANT_CONVERSION = YES;
				CLANG_WARN_DIRECT_OBJC_ISA_USAGE = YES_ERROR;
				CLANG_WARN_DOCUMENTATION_COMMENTS = YES;
				CLANG_WARN_EMPTY_BODY = YES;
				CLANG_WARN_ENUM_CONVERSION = YES;
				CLANG_WARN_INFINITE_RECURSION = YES;
				CLANG_WARN_INT_CONVERSION = YES;
				CLANG_WARN_NON_LITERAL_NULL_CONVERSION = YES;
				CLANG_WARN_OBJC_LITERAL_CONVERSION = YES;
				CLANG_WARN_OBJC_ROOT_CLASS = YES_ERROR;
				CLANG_WARN_RANGE_LOOP_ANALYSIS = YES;
				CLANG_WARN_STRICT_PROTOTYPES = YES;
				CLANG_WARN_SUSPICIOUS_MOVE = YES;
				CLANG_WARN_UNGUARDED_AVAILABILITY = YES_AGGRESSIVE;
				CLANG_WARN_UNREACHABLE_CODE = YES;
				CLANG_WARN__DUPLICATE_METHOD_MATCH = YES;
				CODE_SIGN_IDENTITY = "iPhone Developer";
				COPY_PHASE_STRIP = NO;
				DEBUG_INFORMATION_FORMAT = "dwarf-with-dsym";
				ENABLE_NS_ASSERTIONS = NO;
				ENABLE_STRICT_OBJC_MSGSEND = YES;
				GCC_C_LANGUAGE_STANDARD = gnu11;
				GCC_NO_COMMON_BLOCKS = YES;
				GCC_WARN_64_TO_32_BIT_CONVERSION = YES;
				GCC_WARN_ABOUT_RETURN_TYPE = YES_ERROR;
				GCC_WARN_UNDECLARED_SELECTOR = YES;
				GCC_WARN_UNINITIALIZED_AUTOS = YES_AGGRESSIVE;
				GCC_WARN_UNUSED_FUNCTION = YES;
				GCC_WARN_UNUSED_VARIABLE = YES;
				IPHONEOS_DEPLOYMENT_TARGET = 11.2;
				MTL_ENABLE_DEBUG_INFO = NO;
				SDKROOT = iphoneos;
				SWIFT_OPTIMIZATION_LEVEL = "-Owholemodule";
				VALIDATE_PRODUCT = YES;
			};
			name = Release;
		};
		CBB327DE2060E6910029029E /* Debug */ = {
			isa = XCBuildConfiguration;
			baseConfigurationReference = 58973CE62798931C7E9C902E /* Pods-WeiBo.debug.xcconfig */;
			buildSettings = {
				ASSETCATALOG_COMPILER_APPICON_NAME = AppIcon;
				CODE_SIGN_STYLE = Automatic;
				DEVELOPMENT_TEAM = Q37CNASBM2;
				INFOPLIST_FILE = WeiBo/Info.plist;
				IPHONEOS_DEPLOYMENT_TARGET = 8.0;
				LD_RUNPATH_SEARCH_PATHS = "$(inherited) @executable_path/Frameworks";
				PRODUCT_BUNDLE_IDENTIFIER = "com.253440030-qq.WeiBo";
				PRODUCT_NAME = "$(TARGET_NAME)";
				SWIFT_VERSION = 4.0;
				TARGETED_DEVICE_FAMILY = "1,2";
			};
			name = Debug;
		};
		CBB327DF2060E6910029029E /* Release */ = {
			isa = XCBuildConfiguration;
			baseConfigurationReference = 7611CDE66577849B3F17A549 /* Pods-WeiBo.release.xcconfig */;
			buildSettings = {
				ASSETCATALOG_COMPILER_APPICON_NAME = AppIcon;
				CODE_SIGN_STYLE = Automatic;
				DEVELOPMENT_TEAM = Q37CNASBM2;
				INFOPLIST_FILE = WeiBo/Info.plist;
				IPHONEOS_DEPLOYMENT_TARGET = 8.0;
				LD_RUNPATH_SEARCH_PATHS = "$(inherited) @executable_path/Frameworks";
				PRODUCT_BUNDLE_IDENTIFIER = "com.253440030-qq.WeiBo";
				PRODUCT_NAME = "$(TARGET_NAME)";
				SWIFT_VERSION = 4.0;
				TARGETED_DEVICE_FAMILY = "1,2";
			};
			name = Release;
		};
/* End XCBuildConfiguration section */

/* Begin XCConfigurationList section */
		CBB327C62060E6900029029E /* Build configuration list for PBXProject "WeiBo" */ = {
			isa = XCConfigurationList;
			buildConfigurations = (
				CBB327DB2060E6910029029E /* Debug */,
				CBB327DC2060E6910029029E /* Release */,
			);
			defaultConfigurationIsVisible = 0;
			defaultConfigurationName = Release;
		};
		CBB327DD2060E6910029029E /* Build configuration list for PBXNativeTarget "WeiBo" */ = {
			isa = XCConfigurationList;
			buildConfigurations = (
				CBB327DE2060E6910029029E /* Debug */,
				CBB327DF2060E6910029029E /* Release */,
			);
			defaultConfigurationIsVisible = 0;
			defaultConfigurationName = Release;
		};
/* End XCConfigurationList section */
	};
	rootObject = CBB327C32060E6900029029E /* Project object */;
}
