// !$*UTF8*$!
{
	archiveVersion = 1;
	classes = {
	};
	objectVersion = 48;
	objects = {

/* Begin PBXBuildFile section */
		A70D5E9C454A5D03139BA118 /* Pods_WeiBo.framework in Frameworks */ = {isa = PBXBuildFile; fileRef = EA24B825A2206FC1EAE2A904 /* Pods_WeiBo.framework */; };
		CBB327D62060E6910029029E /* Assets.xcassets in Resources */ = {isa = PBXBuildFile; fileRef = CBB327D52060E6910029029E /* Assets.xcassets */; };
		CBB327D92060E6910029029E /* LaunchScreen.storyboard in Resources */ = {isa = PBXBuildFile; fileRef = CBB327D72060E6910029029E /* LaunchScreen.storyboard */; };
		CBB327E82060E6C40029029E /* KLHomeViewController.swift in Sources */ = {isa = PBXBuildFile; fileRef = CBB327E22060E6C40029029E /* KLHomeViewController.swift */; };
		CBB327E92060E6C40029029E /* KLNetworkEngine.swift in Sources */ = {isa = PBXBuildFile; fileRef = CBB327E72060E6C40029029E /* KLNetworkEngine.swift */; };
		CBB327F02060E75C0029029E /* AppDelegate.swift in Sources */ = {isa = PBXBuildFile; fileRef = CBB327EB2060E75C0029029E /* AppDelegate.swift */; };
		CBB327F12060E75C0029029E /* KLBaseViewController.swift in Sources */ = {isa = PBXBuildFile; fileRef = CBB327EC2060E75C0029029E /* KLBaseViewController.swift */; };
		CBB327F22060E75C0029029E /* KLCommon.swift in Sources */ = {isa = PBXBuildFile; fileRef = CBB327ED2060E75C0029029E /* KLCommon.swift */; };
		CBB327F32060E75C0029029E /* KLNavigationController.swift in Sources */ = {isa = PBXBuildFile; fileRef = CBB327EE2060E75C0029029E /* KLNavigationController.swift */; };
		CBB327F42060E75C0029029E /* KLTabBarController.swift in Sources */ = {isa = PBXBuildFile; fileRef = CBB327EF2060E75C0029029E /* KLTabBarController.swift */; };
/* End PBXBuildFile section */

/* Begin PBXFileReference section */
		58973CE62798931C7E9C902E /* Pods-WeiBo.debug.xcconfig */ = {isa = PBXFileReference; includeInIndex = 1; lastKnownFileType = text.xcconfig; name = "Pods-WeiBo.debug.xcconfig"; path = "Pods/Target Support Files/Pods-WeiBo/Pods-WeiBo.debug.xcconfig"; sourceTree = "<group>"; };
		7611CDE66577849B3F17A549 /* Pods-WeiBo.release.xcconfig */ = {isa = PBXFileReference; includeInIndex = 1; lastKnownFileType = text.xcconfig; name = "Pods-WeiBo.release.xcconfig"; path = "Pods/Target Support Files/Pods-WeiBo/Pods-WeiBo.release.xcconfig"; sourceTree = "<group>"; };
		CBB327CB2060E6910029029E /* WeiBo.app */ = {isa = PBXFileReference; explicitFileType = wrapper.application; includeInIndex = 0; path = WeiBo.app; sourceTree = BUILT_PRODUCTS_DIR; };
		CBB327D52060E6910029029E /* Assets.xcassets */ = {isa = PBXFileReference; lastKnownFileType = folder.assetcatalog; path = Assets.xcassets; sourceTree = "<group>"; };
		CBB327D82060E6910029029E /* Base */ = {isa = PBXFileReference; lastKnownFileType = file.storyboard; name = Base; path = Base.lproj/LaunchScreen.storyboard; sourceTree = "<group>"; };
		CBB327DA2060E6910029029E /* Info.plist */ = {isa = PBXFileReference; lastKnownFileType = text.plist.xml; path = Info.plist; sourceTree = "<group>"; };
		CBB327E22060E6C40029029E /* KLHomeViewController.swift */ = {isa = PBXFileReference; fileEncoding = 4; lastKnownFileType = sourcecode.swift; path = KLHomeViewController.swift; sourceTree = "<group>"; };
		CBB327E72060E6C40029029E /* KLNetworkEngine.swift */ = {isa = PBXFileReference; fileEncoding = 4; lastKnownFileType = sourcecode.swift; path = KLNetworkEngine.swift; sourceTree = "<group>"; };
		CBB327EB2060E75C0029029E /* AppDelegate.swift */ = {isa = PBXFileReference; fileEncoding = 4; lastKnownFileType = sourcecode.swift; path = AppDelegate.swift; sourceTree = "<group>"; };
		CBB327EC2060E75C0029029E /* KLBaseViewController.swift */ = {isa = PBXFileReference; fileEncoding = 4; lastKnownFileType = sourcecode.swift; path = KLBaseViewController.swift; sourceTree = "<group>"; };
		CBB327ED2060E75C0029029E /* KLCommon.swift */ = {isa = PBXFileReference; fileEncoding = 4; lastKnownFileType = sourcecode.swift; path = KLCommon.swift; sourceTree = "<group>"; };
		CBB327EE2060E75C0029029E /* KLNavigationController.swift */ = {isa = PBXFileReference; fileEncoding = 4; lastKnownFileType = sourcecode.swift; path = KLNavigationController.swift; sourceTree = "<group>"; };
		CBB327EF2060E75C0029029E /* KLTabBarController.swift */ = {isa = PBXFileReference; fileEncoding = 4; lastKnownFileType = sourcecode.swift; path = KLTabBarController.swift; sourceTree = "<group>"; };
		EA24B825A2206FC1EAE2A904 /* Pods_WeiBo.framework */ = {isa = PBXFileReference; explicitFileType = wrapper.framework; includeInIndex = 0; path = Pods_WeiBo.framework; sourceTree = BUILT_PRODUCTS_DIR; };
/* End PBXFileReference section */

/* Begin PBXFrameworksBuildPhase section */
		CBB327C82060E6900029029E /* Frameworks */ = {
			isa = PBXFrameworksBuildPhase;
			buildActionMask = 2147483647;
			files = (
				A70D5E9C454A5D03139BA118 /* Pods_WeiBo.framework in Frameworks */,
			);
			runOnlyForDeploymentPostprocessing = 0;
		};
/* End PBXFrameworksBuildPhase section */

/* Begin PBXGroup section */
		7E99CB26B318C8D07A661BD6 /* Pods */ = {
			isa = PBXGroup;
			children = (
				58973CE62798931C7E9C902E /* Pods-WeiBo.debug.xcconfig */,
				7611CDE66577849B3F17A549 /* Pods-WeiBo.release.xcconfig */,
			);
			name = Pods;
			sourceTree = "<group>";
		};
		CAADBE8281AF4E02F31A7A3D /* Frameworks */ = {
			isa = PBXGroup;
			children = (
				EA24B825A2206FC1EAE2A904 /* Pods_WeiBo.framework */,
			);
			name = Frameworks;
			sourceTree = "<group>";
		};
		CBB327C22060E6900029029E = {
			isa = PBXGroup;
			children = (
				CBB327CD2060E6910029029E /* WeiBo */,
				CBB327CC2060E6910029029E /* Products */,
				7E99CB26B318C8D07A661BD6 /* Pods */,
				CAADBE8281AF4E02F31A7A3D /* Frameworks */,
			);
			sourceTree = "<group>";
		};
		CBB327CC2060E6910029029E /* Products */ = {
			isa = PBXGroup;
			children = (
				CBB327CB2060E6910029029E /* WeiBo.app */,
			);
			name = Products;
			sourceTree = "<group>";
		};
		CBB327CD2060E6910029029E /* WeiBo */ = {
			isa = PBXGroup;
			children = (
				CBB327EA2060E75C0029029E /* Base */,
				CBB327E02060E6C40029029E /* Home */,
				CBB327E62060E6C40029029E /* Network */,
				CBB327E52060E6C40029029E /* Tool */,
				CBB327D52060E6910029029E /* Assets.xcassets */,
				CBB327D72060E6910029029E /* LaunchScreen.storyboard */,
				CBB327DA2060E6910029029E /* Info.plist */,
			);
			path = WeiBo;
			sourceTree = "<group>";
		};
		CBB327E02060E6C40029029E /* Home */ = {
			isa = PBXGroup;
			children = (
				CBB327E12060E6C40029029E /* Controller */,
				CBB327E32060E6C40029029E /* Model */,
				CBB327E42060E6C40029029E /* View */,
			);
			path = Home;
			sourceTree = "<group>";
		};
		CBB327E12060E6C40029029E /* Controller */ = {
			isa = PBXGroup;
			children = (
				CBB327E22060E6C40029029E /* KLHomeViewController.swift */,
			);
			path = Controller;
			sourceTree = "<group>";
		};
		CBB327E32060E6C40029029E /* Model */ = {
			isa = PBXGroup;
			children = (
			);
			path = Model;
			sourceTree = "<group>";
		};
		CBB327E42060E6C40029029E /* View */ = {
			isa = PBXGroup;
			children = (
			);
			path = View;
			sourceTree = "<group>";
		};
		CBB327E52060E6C40029029E /* Tool */ = {
			isa = PBXGroup;
			children = (
			);
			path = Tool;
			sourceTree = "<group>";
		};
		CBB327E62060E6C40029029E /* Network */ = {
			isa = PBXGroup;
			children = (
				CBB327E72060E6C40029029E /* KLNetworkEngine.swift */,
			);
			path = Network;
			sourceTree = "<group>";
		};
		CBB327EA2060E75C0029029E /* Base */ = {
			isa = PBXGroup;
			children = (
				CBB327EB2060E75C0029029E /* AppDelegate.swift */,
				CBB327EC2060E75C0029029E /* KLBaseViewController.swift */,
				CBB327ED2060E75C0029029E /* KLCommon.swift */,
				CBB327EE2060E75C0029029E /* KLNavigationController.swift */,
				CBB327EF2060E75C0029029E /* KLTabBarController.swift */,
			);
			path = Base;
			sourceTree = "<group>";
		};
/* End PBXGroup section */

/* Begin PBXNativeTarget section */
		CBB327CA2060E6900029029E /* WeiBo */ = {
			isa = PBXNativeTarget;
			buildConfigurationList = CBB327DD2060E6910029029E /* Build configuration list for PBXNativeTarget "WeiBo" */;
			buildPhases = (
				7B59E893CF23644ED4B30306 /* [CP] Check Pods Manifest.lock */,
				CBB327C72060E6900029029E /* Sources */,
				CBB327C82060E6900029029E /* Frameworks */,
				CBB327C92060E6900029029E /* Resources */,
				0C6825477D89F847A868EC7B /* [CP] Embed Pods Frameworks */,
				27F9AA87C2690752C1127473 /* [CP] Copy Pods Resources */,
			);
			buildRules = (
			);
			dependencies = (
			);
			name = WeiBo;
			productName = WeiBo;
			productReference = CBB327CB2060E6910029029E /* WeiBo.app */;
			productType = "com.apple.product-type.application";
		};
/* End PBXNativeTarget section */

/* Begin PBXProject section */
		CBB327C32060E6900029029E /* Project object */ = {
			isa = PBXProject;
			attributes = {
				LastSwiftUpdateCheck = 0920;
				LastUpgradeCheck = 0920;
				ORGANIZATIONNAME = Karl;
				TargetAttributes = {
					CBB327CA2060E6900029029E = {
						CreatedOnToolsVersion = 9.2;
						ProvisioningStyle = Automatic;
					};
				};
			};
			buildConfigurationList = CBB327C62060E6900029029E /* Build configuration list for PBXProject "WeiBo" */;
			compatibilityVersion = "Xcode 8.0";
			developmentRegion = en;
			hasScannedForEncodings = 0;
			knownRegions = (
				en,
				Base,
			);
			mainGroup = CBB327C22060E6900029029E;
			productRefGroup = CBB327CC2060E6910029029E /* Products */;
			projectDirPath = "";
			projectRoot = "";
			targets = (
				CBB327CA2060E6900029029E /* WeiBo */,
			);
		};
/* End PBXProject section */

/* Begin PBXResourcesBuildPhase section */
		CBB327C92060E6900029029E /* Resources */ = {
			isa = PBXResourcesBuildPhase;
			buildActionMask = 2147483647;
			files = (
				CBB327D92060E6910029029E /* LaunchScreen.storyboard in Resources */,
				CBB327D62060E6910029029E /* Assets.xcassets in Resources */,
			);
			runOnlyForDeploymentPostprocessing = 0;
		};
/* End PBXResourcesBuildPhase section */

/* Begin PBXShellScriptBuildPhase section */
		0C6825477D89F847A868EC7B /* [CP] Embed Pods Frameworks */ = {
			isa = PBXShellScriptBuildPhase;
			buildActionMask = 2147483647;
			files = (
			);
			inputPaths = (
				"${SRCROOT}/Pods/Target Support Files/Pods-WeiBo/Pods-WeiBo-frameworks.sh",
				"${BUILT_PRODUCTS_DIR}/Alamofire/Alamofire.framework",
				"${BUILT_PRODUCTS_DIR}/Kingfisher/Kingfisher.framework",
				"${PODS_ROOT}/WoodPeckeriOS/WoodPeckeriOS.framework",
			);
			name = "[CP] Embed Pods Frameworks";
			outputPaths = (
				"${TARGET_BUILD_DIR}/${FRAMEWORKS_FOLDER_PATH}/Alamofire.framework",
				"${TARGET_BUILD_DIR}/${FRAMEWORKS_FOLDER_PATH}/Kingfisher.framework",
				"${TARGET_BUILD_DIR}/${FRAMEWORKS_FOLDER_PATH}/WoodPeckeriOS.framework",
			);
			runOnlyForDeploymentPostprocessing = 0;
			shellPath = /bin/sh;
			shellScript = "\"${SRCROOT}/Pods/Target Support Files/Pods-WeiBo/Pods-WeiBo-frameworks.sh\"\n";
			showEnvVarsInLog = 0;
		};
		27F9AA87C2690752C1127473 /* [CP] Copy Pods Resources */ = {
			isa = PBXShellScriptBuildPhase;
			buildActionMask = 2147483647;
			files = (
			);
			inputPaths = (
			);
			name = "[CP] Copy Pods Resources";
			outputPaths = (
			);
			runOnlyForDeploymentPostprocessing = 0;
			shellPath = /bin/sh;
			shellScript = "\"${SRCROOT}/Pods/Target Support Files/Pods-WeiBo/Pods-WeiBo-resources.sh\"\n";
			showEnvVarsInLog = 0;
		};
		7B59E893CF23644ED4B30306 /* [CP] Check Pods Manifest.lock */ = {
			isa = PBXShellScriptBuildPhase;
			buildActionMask = 2147483647;
			files = (
			);
			inputPaths = (
				"${PODS_PODFILE_DIR_PATH}/Podfile.lock",
				"${PODS_ROOT}/Manifest.lock",
			);
			name = "[CP] Check Pods Manifest.lock";
			outputPaths = (
				"$(DERIVED_FILE_DIR)/Pods-WeiBo-checkManifestLockResult.txt",
			);
			runOnlyForDeploymentPostprocessing = 0;
			shellPath = /bin/sh;
			shellScript = "diff \"${PODS_PODFILE_DIR_PATH}/Podfile.lock\" \"${PODS_ROOT}/Manifest.lock\" > /dev/null\nif [ $? != 0 ] ; then\n    # print error to STDERR\n    echo \"error: The sandbox is not in sync with the Podfile.lock. Run 'pod install' or update your CocoaPods installation.\" >&2\n    exit 1\nfi\n# This output is used by Xcode 'outputs' to avoid re-running this script phase.\necho \"SUCCESS\" > \"${SCRIPT_OUTPUT_FILE_0}\"\n";
			showEnvVarsInLog = 0;
		};
/* End PBXShellScriptBuildPhase section */

/* Begin PBXSourcesBuildPhase section */
		CBB327C72060E6900029029E /* Sources */ = {
			isa = PBXSourcesBuildPhase;
			buildActionMask = 2147483647;
			files = (
				CBB327F02060E75C0029029E /* AppDelegate.swift in Sources */,
				CBB327E82060E6C40029029E /* KLHomeViewController.swift in Sources */,
				CBB327F32060E75C0029029E /* KLNavigationController.swift in Sources */,
				CBB327F12060E75C0029029E /* KLBaseViewController.swift in Sources */,
				CBB327E92060E6C40029029E /* KLNetworkEngine.swift in Sources */,
				CBB327F42060E75C0029029E /* KLTabBarController.swift in Sources */,
				CBB327F22060E75C0029029E /* KLCommon.swift in Sources */,
			);
			runOnlyForDeploymentPostprocessing = 0;
		};
/* End PBXSourcesBuildPhase section */

/* Begin PBXVariantGroup section */
		CBB327D72060E6910029029E /* LaunchScreen.storyboard */ = {
			isa = PBXVariantGroup;
			children = (
				CBB327D82060E6910029029E /* Base */,
			);
			name = LaunchScreen.storyboard;
			sourceTree = "<group>";
		};
/* End PBXVariantGroup section */

/* Begin XCBuildConfiguration section */
		CBB327DB2060E6910029029E /* Debug */ = {
			isa = XCBuildConfiguration;
			buildSettings = {
				ALWAYS_SEARCH_USER_PATHS = NO;
				CLANG_ANALYZER_NONNULL = YES;
				CLANG_ANALYZER_NUMBER_OBJECT_CONVERSION = YES_AGGRESSIVE;
				CLANG_CXX_LANGUAGE_STANDARD = "gnu++14";
				CLANG_CXX_LIBRARY = "libc++";
				CLANG_ENABLE_MODULES = YES;
				CLANG_ENABLE_OBJC_ARC = YES;
				CLANG_WARN_BLOCK_CAPTURE_AUTORELEASING = YES;
				CLANG_WARN_BOOL_CONVERSION = YES;
				CLANG_WARN_COMMA = YES;
				CLANG_WARN_CONSTANT_CONVERSION = YES;
				CLANG_WARN_DIRECT_OBJC_ISA_USAGE = YES_ERROR;
				CLANG_WARN_DOCUMENTATION_COMMENTS = YES;
				CLANG_WARN_EMPTY_BODY = YES;
				CLANG_WARN_ENUM_CONVERSION = YES;
				CLANG_WARN_INFINITE_RECURSION = YES;
				CLANG_WARN_INT_CONVERSION = YES;
				CLANG_WARN_NON_LITERAL_NULL_CONVERSION = YES;
				CLANG_WARN_OBJC_LITERAL_CONVERSION = YES;
				CLANG_WARN_OBJC_ROOT_CLASS = YES_ERROR;
				CLANG_WARN_RANGE_LOOP_ANALYSIS = YES;
				CLANG_WARN_STRICT_PROTOTYPES = YES;
				CLANG_WARN_SUSPICIOUS_MOVE = YES;
				CLANG_WARN_UNGUARDED_AVAILABILITY = YES_AGGRESSIVE;
				CLANG_WARN_UNREACHABLE_CODE = YES;
				CLANG_WARN__DUPLICATE_METHOD_MATCH = YES;
				CODE_SIGN_IDENTITY = "iPhone Developer";
				COPY_PHASE_STRIP = NO;
				DEBUG_INFORMATION_FORMAT = dwarf;
				ENABLE_STRICT_OBJC_MSGSEND = YES;
				ENABLE_TESTABILITY = YES;
				GCC_C_LANGUAGE_STANDARD = gnu11;
				GCC_DYNAMIC_NO_PIC = NO;
				GCC_NO_COMMON_BLOCKS = YES;
				GCC_OPTIMIZATION_LEVEL = 0;
				GCC_PREPROCESSOR_DEFINITIONS = (
					"DEBUG=1",
					"$(inherited)",
				);
				GCC_WARN_64_TO_32_BIT_CONVERSION = YES;
				GCC_WARN_ABOUT_RETURN_TYPE = YES_ERROR;
				GCC_WARN_UNDECLARED_SELECTOR = YES;
				GCC_WARN_UNINITIALIZED_AUTOS = YES_AGGRESSIVE;
				GCC_WARN_UNUSED_FUNCTION = YES;
				GCC_WARN_UNUSED_VARIABLE = YES;
				IPHONEOS_DEPLOYMENT_TARGET = 11.2;
				MTL_ENABLE_DEBUG_INFO = YES;
				ONLY_ACTIVE_ARCH = YES;
				SDKROOT = iphoneos;
				SWIFT_ACTIVE_COMPILATION_CONDITIONS = DEBUG;
				SWIFT_OPTIMIZATION_LEVEL = "-Onone";
			};
			name = Debug;
		};
		CBB327DC2060E6910029029E /* Release */ = {
			isa = XCBuildConfiguration;
			buildSettings = {
				ALWAYS_SEARCH_USER_PATHS = NO;
				CLANG_ANALYZER_NONNULL = YES;
				CLANG_ANALYZER_NUMBER_OBJECT_CONVERSION = YES_AGGRESSIVE;
				CLANG_CXX_LANGUAGE_STANDARD = "gnu++14";
				CLANG_CXX_LIBRARY = "libc++";
				CLANG_ENABLE_MODULES = YES;
				CLANG_ENABLE_OBJC_ARC = YES;
				CLANG_WARN_BLOCK_CAPTURE_AUTORELEASING = YES;
				CLANG_WARN_BOOL_CONVERSION = YES;
				CLANG_WARN_COMMA = YES;
				CLANG_WARN_CONSTANT_CONVERSION = YES;
				CLANG_WARN_DIRECT_OBJC_ISA_USAGE = YES_ERROR;
				CLANG_WARN_DOCUMENTATION_COMMENTS = YES;
				CLANG_WARN_EMPTY_BODY = YES;
				CLANG_WARN_ENUM_CONVERSION = YES;
				CLANG_WARN_INFINITE_RECURSION = YES;
				CLANG_WARN_INT_CONVERSION = YES;
				CLANG_WARN_NON_LITERAL_NULL_CONVERSION = YES;
				CLANG_WARN_OBJC_LITERAL_CONVERSION = YES;
				CLANG_WARN_OBJC_ROOT_CLASS = YES_ERROR;
				CLANG_WARN_RANGE_LOOP_ANALYSIS = YES;
				CLANG_WARN_STRICT_PROTOTYPES = YES;
				CLANG_WARN_SUSPICIOUS_MOVE = YES;
				CLANG_WARN_UNGUARDED_AVAILABILITY = YES_AGGRESSIVE;
				CLANG_WARN_UNREACHABLE_CODE = YES;
				CLANG_WARN__DUPLICATE_METHOD_MATCH = YES;
				CODE_SIGN_IDENTITY = "iPhone Developer";
				COPY_PHASE_STRIP = NO;
				DEBUG_INFORMATION_FORMAT = "dwarf-with-dsym";
				ENABLE_NS_ASSERTIONS = NO;
				ENABLE_STRICT_OBJC_MSGSEND = YES;
				GCC_C_LANGUAGE_STANDARD = gnu11;
				GCC_NO_COMMON_BLOCKS = YES;
				GCC_WARN_64_TO_32_BIT_CONVERSION = YES;
				GCC_WARN_ABOUT_RETURN_TYPE = YES_ERROR;
				GCC_WARN_UNDECLARED_SELECTOR = YES;
				GCC_WARN_UNINITIALIZED_AUTOS = YES_AGGRESSIVE;
				GCC_WARN_UNUSED_FUNCTION = YES;
				GCC_WARN_UNUSED_VARIABLE = YES;
				IPHONEOS_DEPLOYMENT_TARGET = 11.2;
				MTL_ENABLE_DEBUG_INFO = NO;
				SDKROOT = iphoneos;
				SWIFT_OPTIMIZATION_LEVEL = "-Owholemodule";
				VALIDATE_PRODUCT = YES;
			};
			name = Release;
		};
		CBB327DE2060E6910029029E /* Debug */ = {
			isa = XCBuildConfiguration;
			baseConfigurationReference = 58973CE62798931C7E9C902E /* Pods-WeiBo.debug.xcconfig */;
			buildSettings = {
				ASSETCATALOG_COMPILER_APPICON_NAME = AppIcon;
				CODE_SIGN_STYLE = Automatic;
				INFOPLIST_FILE = WeiBo/Info.plist;
				IPHONEOS_DEPLOYMENT_TARGET = 8.0;
				LD_RUNPATH_SEARCH_PATHS = "$(inherited) @executable_path/Frameworks";
				PRODUCT_BUNDLE_IDENTIFIER = "com.253440030-qq.WeiBo";
				PRODUCT_NAME = "$(TARGET_NAME)";
				SWIFT_VERSION = 4.0;
				TARGETED_DEVICE_FAMILY = "1,2";
			};
			name = Debug;
		};
		CBB327DF2060E6910029029E /* Release */ = {
			isa = XCBuildConfiguration;
			baseConfigurationReference = 7611CDE66577849B3F17A549 /* Pods-WeiBo.release.xcconfig */;
			buildSettings = {
				ASSETCATALOG_COMPILER_APPICON_NAME = AppIcon;
				CODE_SIGN_STYLE = Automatic;
				INFOPLIST_FILE = WeiBo/Info.plist;
				IPHONEOS_DEPLOYMENT_TARGET = 8.0;
				LD_RUNPATH_SEARCH_PATHS = "$(inherited) @executable_path/Frameworks";
				PRODUCT_BUNDLE_IDENTIFIER = "com.253440030-qq.WeiBo";
				PRODUCT_NAME = "$(TARGET_NAME)";
				SWIFT_VERSION = 4.0;
				TARGETED_DEVICE_FAMILY = "1,2";
			};
			name = Release;
		};
/* End XCBuildConfiguration section */

/* Begin XCConfigurationList section */
		CBB327C62060E6900029029E /* Build configuration list for PBXProject "WeiBo" */ = {
			isa = XCConfigurationList;
			buildConfigurations = (
				CBB327DB2060E6910029029E /* Debug */,
				CBB327DC2060E6910029029E /* Release */,
			);
			defaultConfigurationIsVisible = 0;
			defaultConfigurationName = Release;
		};
		CBB327DD2060E6910029029E /* Build configuration list for PBXNativeTarget "WeiBo" */ = {
			isa = XCConfigurationList;
			buildConfigurations = (
				CBB327DE2060E6910029029E /* Debug */,
				CBB327DF2060E6910029029E /* Release */,
			);
			defaultConfigurationIsVisible = 0;
			defaultConfigurationName = Release;
		};
/* End XCConfigurationList section */
	};
	rootObject = CBB327C32060E6900029029E /* Project object */;
}
